// !$*UTF8*$!
{
	archiveVersion = 1;
	classes = {
	};
	objectVersion = 56;
	objects = {

/* Begin PBXBuildFile section */
		E1FB2D282A76BF0200473AE1 /* InternxtDesktopApp.swift in Sources */ = {isa = PBXBuildFile; fileRef = E1FB2D272A76BF0200473AE1 /* InternxtDesktopApp.swift */; };
		E1FB2D2A2A76BF0200473AE1 /* ContentView.swift in Sources */ = {isa = PBXBuildFile; fileRef = E1FB2D292A76BF0200473AE1 /* ContentView.swift */; };
		E1FB2D2C2A76BF0300473AE1 /* Assets.xcassets in Resources */ = {isa = PBXBuildFile; fileRef = E1FB2D2B2A76BF0300473AE1 /* Assets.xcassets */; };
		E1FB2D2F2A76BF0300473AE1 /* Preview Assets.xcassets in Resources */ = {isa = PBXBuildFile; fileRef = E1FB2D2E2A76BF0300473AE1 /* Preview Assets.xcassets */; };
		E1FB2D3A2A76BF0300473AE1 /* InternxtDesktopTests.swift in Sources */ = {isa = PBXBuildFile; fileRef = E1FB2D392A76BF0300473AE1 /* InternxtDesktopTests.swift */; };
		E1FB2D442A76BF0300473AE1 /* InternxtDesktopUITests.swift in Sources */ = {isa = PBXBuildFile; fileRef = E1FB2D432A76BF0300473AE1 /* InternxtDesktopUITests.swift */; };
		E1FB2D462A76BF0300473AE1 /* InternxtDesktopUITestsLaunchTests.swift in Sources */ = {isa = PBXBuildFile; fileRef = E1FB2D452A76BF0300473AE1 /* InternxtDesktopUITestsLaunchTests.swift */; };
/* End PBXBuildFile section */

/* Begin PBXContainerItemProxy section */
		E1FB2D362A76BF0300473AE1 /* PBXContainerItemProxy */ = {
			isa = PBXContainerItemProxy;
			containerPortal = E1FB2D1C2A76BF0200473AE1 /* Project object */;
			proxyType = 1;
			remoteGlobalIDString = E1FB2D232A76BF0200473AE1;
			remoteInfo = InternxtDesktop;
		};
		E1FB2D402A76BF0300473AE1 /* PBXContainerItemProxy */ = {
			isa = PBXContainerItemProxy;
			containerPortal = E1FB2D1C2A76BF0200473AE1 /* Project object */;
			proxyType = 1;
			remoteGlobalIDString = E1FB2D232A76BF0200473AE1;
			remoteInfo = InternxtDesktop;
		};
/* End PBXContainerItemProxy section */

/* Begin PBXFileReference section */
		E1FB2D242A76BF0200473AE1 /* InternxtDesktop.app */ = {isa = PBXFileReference; explicitFileType = wrapper.application; includeInIndex = 0; path = InternxtDesktop.app; sourceTree = BUILT_PRODUCTS_DIR; };
		E1FB2D272A76BF0200473AE1 /* InternxtDesktopApp.swift */ = {isa = PBXFileReference; lastKnownFileType = sourcecode.swift; path = InternxtDesktopApp.swift; sourceTree = "<group>"; };
		E1FB2D292A76BF0200473AE1 /* ContentView.swift */ = {isa = PBXFileReference; lastKnownFileType = sourcecode.swift; path = ContentView.swift; sourceTree = "<group>"; };
		E1FB2D2B2A76BF0300473AE1 /* Assets.xcassets */ = {isa = PBXFileReference; lastKnownFileType = folder.assetcatalog; path = Assets.xcassets; sourceTree = "<group>"; };
		E1FB2D2E2A76BF0300473AE1 /* Preview Assets.xcassets */ = {isa = PBXFileReference; lastKnownFileType = folder.assetcatalog; path = "Preview Assets.xcassets"; sourceTree = "<group>"; };
		E1FB2D302A76BF0300473AE1 /* InternxtDesktop.entitlements */ = {isa = PBXFileReference; lastKnownFileType = text.plist.entitlements; path = InternxtDesktop.entitlements; sourceTree = "<group>"; };
		E1FB2D352A76BF0300473AE1 /* InternxtDesktopTests.xctest */ = {isa = PBXFileReference; explicitFileType = wrapper.cfbundle; includeInIndex = 0; path = InternxtDesktopTests.xctest; sourceTree = BUILT_PRODUCTS_DIR; };
		E1FB2D392A76BF0300473AE1 /* InternxtDesktopTests.swift */ = {isa = PBXFileReference; lastKnownFileType = sourcecode.swift; path = InternxtDesktopTests.swift; sourceTree = "<group>"; };
		E1FB2D3F2A76BF0300473AE1 /* InternxtDesktopUITests.xctest */ = {isa = PBXFileReference; explicitFileType = wrapper.cfbundle; includeInIndex = 0; path = InternxtDesktopUITests.xctest; sourceTree = BUILT_PRODUCTS_DIR; };
		E1FB2D432A76BF0300473AE1 /* InternxtDesktopUITests.swift */ = {isa = PBXFileReference; lastKnownFileType = sourcecode.swift; path = InternxtDesktopUITests.swift; sourceTree = "<group>"; };
		E1FB2D452A76BF0300473AE1 /* InternxtDesktopUITestsLaunchTests.swift */ = {isa = PBXFileReference; lastKnownFileType = sourcecode.swift; path = InternxtDesktopUITestsLaunchTests.swift; sourceTree = "<group>"; };
/* End PBXFileReference section */

/* Begin PBXFrameworksBuildPhase section */
		E1FB2D212A76BF0200473AE1 /* Frameworks */ = {
			isa = PBXFrameworksBuildPhase;
			buildActionMask = 2147483647;
			files = (
			);
			runOnlyForDeploymentPostprocessing = 0;
		};
		E1FB2D322A76BF0300473AE1 /* Frameworks */ = {
			isa = PBXFrameworksBuildPhase;
			buildActionMask = 2147483647;
			files = (
			);
			runOnlyForDeploymentPostprocessing = 0;
		};
		E1FB2D3C2A76BF0300473AE1 /* Frameworks */ = {
			isa = PBXFrameworksBuildPhase;
			buildActionMask = 2147483647;
			files = (
			);
			runOnlyForDeploymentPostprocessing = 0;
		};
/* End PBXFrameworksBuildPhase section */

/* Begin PBXGroup section */
		E1FB2D1B2A76BF0200473AE1 = {
			isa = PBXGroup;
			children = (
				E1FB2D262A76BF0200473AE1 /* InternxtDesktop */,
				E1FB2D382A76BF0300473AE1 /* InternxtDesktopTests */,
				E1FB2D422A76BF0300473AE1 /* InternxtDesktopUITests */,
				E1FB2D252A76BF0200473AE1 /* Products */,
			);
			sourceTree = "<group>";
		};
		E1FB2D252A76BF0200473AE1 /* Products */ = {
			isa = PBXGroup;
			children = (
				E1FB2D242A76BF0200473AE1 /* InternxtDesktop.app */,
				E1FB2D352A76BF0300473AE1 /* InternxtDesktopTests.xctest */,
				E1FB2D3F2A76BF0300473AE1 /* InternxtDesktopUITests.xctest */,
			);
			name = Products;
			sourceTree = "<group>";
		};
		E1FB2D262A76BF0200473AE1 /* InternxtDesktop */ = {
			isa = PBXGroup;
			children = (
				E1FB2D272A76BF0200473AE1 /* InternxtDesktopApp.swift */,
				E1FB2D292A76BF0200473AE1 /* ContentView.swift */,
				E1FB2D2B2A76BF0300473AE1 /* Assets.xcassets */,
				E1FB2D302A76BF0300473AE1 /* InternxtDesktop.entitlements */,
				E1FB2D2D2A76BF0300473AE1 /* Preview Content */,
			);
			path = InternxtDesktop;
			sourceTree = "<group>";
		};
		E1FB2D2D2A76BF0300473AE1 /* Preview Content */ = {
			isa = PBXGroup;
			children = (
				E1FB2D2E2A76BF0300473AE1 /* Preview Assets.xcassets */,
			);
			path = "Preview Content";
			sourceTree = "<group>";
		};
		E1FB2D382A76BF0300473AE1 /* InternxtDesktopTests */ = {
			isa = PBXGroup;
			children = (
				E1FB2D392A76BF0300473AE1 /* InternxtDesktopTests.swift */,
			);
			path = InternxtDesktopTests;
			sourceTree = "<group>";
		};
		E1FB2D422A76BF0300473AE1 /* InternxtDesktopUITests */ = {
			isa = PBXGroup;
			children = (
				E1FB2D432A76BF0300473AE1 /* InternxtDesktopUITests.swift */,
				E1FB2D452A76BF0300473AE1 /* InternxtDesktopUITestsLaunchTests.swift */,
			);
			path = InternxtDesktopUITests;
			sourceTree = "<group>";
		};
/* End PBXGroup section */

/* Begin PBXNativeTarget section */
		E1FB2D232A76BF0200473AE1 /* InternxtDesktop */ = {
			isa = PBXNativeTarget;
			buildConfigurationList = E1FB2D492A76BF0300473AE1 /* Build configuration list for PBXNativeTarget "InternxtDesktop" */;
			buildPhases = (
				E1FB2D202A76BF0200473AE1 /* Sources */,
				E1FB2D212A76BF0200473AE1 /* Frameworks */,
				E1FB2D222A76BF0200473AE1 /* Resources */,
			);
			buildRules = (
			);
			dependencies = (
			);
			name = InternxtDesktop;
			productName = InternxtDesktop;
			productReference = E1FB2D242A76BF0200473AE1 /* InternxtDesktop.app */;
			productType = "com.apple.product-type.application";
		};
		E1FB2D342A76BF0300473AE1 /* InternxtDesktopTests */ = {
			isa = PBXNativeTarget;
			buildConfigurationList = E1FB2D4C2A76BF0300473AE1 /* Build configuration list for PBXNativeTarget "InternxtDesktopTests" */;
			buildPhases = (
				E1FB2D312A76BF0300473AE1 /* Sources */,
				E1FB2D322A76BF0300473AE1 /* Frameworks */,
				E1FB2D332A76BF0300473AE1 /* Resources */,
			);
			buildRules = (
			);
			dependencies = (
				E1FB2D372A76BF0300473AE1 /* PBXTargetDependency */,
			);
			name = InternxtDesktopTests;
			productName = InternxtDesktopTests;
			productReference = E1FB2D352A76BF0300473AE1 /* InternxtDesktopTests.xctest */;
			productType = "com.apple.product-type.bundle.unit-test";
		};
		E1FB2D3E2A76BF0300473AE1 /* InternxtDesktopUITests */ = {
			isa = PBXNativeTarget;
			buildConfigurationList = E1FB2D4F2A76BF0300473AE1 /* Build configuration list for PBXNativeTarget "InternxtDesktopUITests" */;
			buildPhases = (
				E1FB2D3B2A76BF0300473AE1 /* Sources */,
				E1FB2D3C2A76BF0300473AE1 /* Frameworks */,
				E1FB2D3D2A76BF0300473AE1 /* Resources */,
			);
			buildRules = (
			);
			dependencies = (
				E1FB2D412A76BF0300473AE1 /* PBXTargetDependency */,
			);
			name = InternxtDesktopUITests;
			productName = InternxtDesktopUITests;
			productReference = E1FB2D3F2A76BF0300473AE1 /* InternxtDesktopUITests.xctest */;
			productType = "com.apple.product-type.bundle.ui-testing";
		};
/* End PBXNativeTarget section */

/* Begin PBXProject section */
		E1FB2D1C2A76BF0200473AE1 /* Project object */ = {
			isa = PBXProject;
			attributes = {
				BuildIndependentTargetsInParallel = 1;
				LastSwiftUpdateCheck = 1430;
				LastUpgradeCheck = 1430;
				TargetAttributes = {
					E1FB2D232A76BF0200473AE1 = {
						CreatedOnToolsVersion = 14.3.1;
					};
					E1FB2D342A76BF0300473AE1 = {
						CreatedOnToolsVersion = 14.3.1;
						TestTargetID = E1FB2D232A76BF0200473AE1;
					};
					E1FB2D3E2A76BF0300473AE1 = {
						CreatedOnToolsVersion = 14.3.1;
						TestTargetID = E1FB2D232A76BF0200473AE1;
					};
				};
			};
			buildConfigurationList = E1FB2D1F2A76BF0200473AE1 /* Build configuration list for PBXProject "InternxtDesktop" */;
			compatibilityVersion = "Xcode 14.0";
			developmentRegion = en;
			hasScannedForEncodings = 0;
			knownRegions = (
				en,
				Base,
			);
			mainGroup = E1FB2D1B2A76BF0200473AE1;
			productRefGroup = E1FB2D252A76BF0200473AE1 /* Products */;
			projectDirPath = "";
			projectRoot = "";
			targets = (
				E1FB2D232A76BF0200473AE1 /* InternxtDesktop */,
				E1FB2D342A76BF0300473AE1 /* InternxtDesktopTests */,
				E1FB2D3E2A76BF0300473AE1 /* InternxtDesktopUITests */,
			);
		};
/* End PBXProject section */

/* Begin PBXResourcesBuildPhase section */
		E1FB2D222A76BF0200473AE1 /* Resources */ = {
			isa = PBXResourcesBuildPhase;
			buildActionMask = 2147483647;
			files = (
				E1FB2D2F2A76BF0300473AE1 /* Preview Assets.xcassets in Resources */,
				E1FB2D2C2A76BF0300473AE1 /* Assets.xcassets in Resources */,
			);
			runOnlyForDeploymentPostprocessing = 0;
		};
		E1FB2D332A76BF0300473AE1 /* Resources */ = {
			isa = PBXResourcesBuildPhase;
			buildActionMask = 2147483647;
			files = (
			);
			runOnlyForDeploymentPostprocessing = 0;
		};
		E1FB2D3D2A76BF0300473AE1 /* Resources */ = {
			isa = PBXResourcesBuildPhase;
			buildActionMask = 2147483647;
			files = (
			);
			runOnlyForDeploymentPostprocessing = 0;
		};
/* End PBXResourcesBuildPhase section */

/* Begin PBXSourcesBuildPhase section */
		E1FB2D202A76BF0200473AE1 /* Sources */ = {
			isa = PBXSourcesBuildPhase;
			buildActionMask = 2147483647;
			files = (
				E1FB2D2A2A76BF0200473AE1 /* ContentView.swift in Sources */,
				E1FB2D282A76BF0200473AE1 /* InternxtDesktopApp.swift in Sources */,
			);
			runOnlyForDeploymentPostprocessing = 0;
		};
		E1FB2D312A76BF0300473AE1 /* Sources */ = {
			isa = PBXSourcesBuildPhase;
			buildActionMask = 2147483647;
			files = (
				E1FB2D3A2A76BF0300473AE1 /* InternxtDesktopTests.swift in Sources */,
			);
			runOnlyForDeploymentPostprocessing = 0;
		};
		E1FB2D3B2A76BF0300473AE1 /* Sources */ = {
			isa = PBXSourcesBuildPhase;
			buildActionMask = 2147483647;
			files = (
				E1FB2D442A76BF0300473AE1 /* InternxtDesktopUITests.swift in Sources */,
				E1FB2D462A76BF0300473AE1 /* InternxtDesktopUITestsLaunchTests.swift in Sources */,
			);
			runOnlyForDeploymentPostprocessing = 0;
		};
/* End PBXSourcesBuildPhase section */

/* Begin PBXTargetDependency section */
		E1FB2D372A76BF0300473AE1 /* PBXTargetDependency */ = {
			isa = PBXTargetDependency;
			target = E1FB2D232A76BF0200473AE1 /* InternxtDesktop */;
			targetProxy = E1FB2D362A76BF0300473AE1 /* PBXContainerItemProxy */;
		};
		E1FB2D412A76BF0300473AE1 /* PBXTargetDependency */ = {
			isa = PBXTargetDependency;
			target = E1FB2D232A76BF0200473AE1 /* InternxtDesktop */;
			targetProxy = E1FB2D402A76BF0300473AE1 /* PBXContainerItemProxy */;
		};
/* End PBXTargetDependency section */

/* Begin XCBuildConfiguration section */
		E1FB2D472A76BF0300473AE1 /* Debug */ = {
			isa = XCBuildConfiguration;
			buildSettings = {
				ALWAYS_SEARCH_USER_PATHS = NO;
				CLANG_ANALYZER_NONNULL = YES;
				CLANG_ANALYZER_NUMBER_OBJECT_CONVERSION = YES_AGGRESSIVE;
				CLANG_CXX_LANGUAGE_STANDARD = "gnu++20";
				CLANG_ENABLE_MODULES = YES;
				CLANG_ENABLE_OBJC_ARC = YES;
				CLANG_ENABLE_OBJC_WEAK = YES;
				CLANG_WARN_BLOCK_CAPTURE_AUTORELEASING = YES;
				CLANG_WARN_BOOL_CONVERSION = YES;
				CLANG_WARN_COMMA = YES;
				CLANG_WARN_CONSTANT_CONVERSION = YES;
				CLANG_WARN_DEPRECATED_OBJC_IMPLEMENTATIONS = YES;
				CLANG_WARN_DIRECT_OBJC_ISA_USAGE = YES_ERROR;
				CLANG_WARN_DOCUMENTATION_COMMENTS = YES;
				CLANG_WARN_EMPTY_BODY = YES;
				CLANG_WARN_ENUM_CONVERSION = YES;
				CLANG_WARN_INFINITE_RECURSION = YES;
				CLANG_WARN_INT_CONVERSION = YES;
				CLANG_WARN_NON_LITERAL_NULL_CONVERSION = YES;
				CLANG_WARN_OBJC_IMPLICIT_RETAIN_SELF = YES;
				CLANG_WARN_OBJC_LITERAL_CONVERSION = YES;
				CLANG_WARN_OBJC_ROOT_CLASS = YES_ERROR;
				CLANG_WARN_QUOTED_INCLUDE_IN_FRAMEWORK_HEADER = YES;
				CLANG_WARN_RANGE_LOOP_ANALYSIS = YES;
				CLANG_WARN_STRICT_PROTOTYPES = YES;
				CLANG_WARN_SUSPICIOUS_MOVE = YES;
				CLANG_WARN_UNGUARDED_AVAILABILITY = YES_AGGRESSIVE;
				CLANG_WARN_UNREACHABLE_CODE = YES;
				CLANG_WARN__DUPLICATE_METHOD_MATCH = YES;
				COPY_PHASE_STRIP = NO;
				DEBUG_INFORMATION_FORMAT = dwarf;
				ENABLE_STRICT_OBJC_MSGSEND = YES;
				ENABLE_TESTABILITY = YES;
				GCC_C_LANGUAGE_STANDARD = gnu11;
				GCC_DYNAMIC_NO_PIC = NO;
				GCC_NO_COMMON_BLOCKS = YES;
				GCC_OPTIMIZATION_LEVEL = 0;
				GCC_PREPROCESSOR_DEFINITIONS = (
					"DEBUG=1",
					"$(inherited)",
				);
				GCC_WARN_64_TO_32_BIT_CONVERSION = YES;
				GCC_WARN_ABOUT_RETURN_TYPE = YES_ERROR;
				GCC_WARN_UNDECLARED_SELECTOR = YES;
				GCC_WARN_UNINITIALIZED_AUTOS = YES_AGGRESSIVE;
				GCC_WARN_UNUSED_FUNCTION = YES;
				GCC_WARN_UNUSED_VARIABLE = YES;
				MACOSX_DEPLOYMENT_TARGET = 13.3;
				MTL_ENABLE_DEBUG_INFO = INCLUDE_SOURCE;
				MTL_FAST_MATH = YES;
				ONLY_ACTIVE_ARCH = YES;
				SDKROOT = macosx;
				SWIFT_ACTIVE_COMPILATION_CONDITIONS = DEBUG;
				SWIFT_OPTIMIZATION_LEVEL = "-Onone";
			};
			name = Debug;
		};
		E1FB2D482A76BF0300473AE1 /* Release */ = {
			isa = XCBuildConfiguration;
			buildSettings = {
				ALWAYS_SEARCH_USER_PATHS = NO;
				CLANG_ANALYZER_NONNULL = YES;
				CLANG_ANALYZER_NUMBER_OBJECT_CONVERSION = YES_AGGRESSIVE;
				CLANG_CXX_LANGUAGE_STANDARD = "gnu++20";
				CLANG_ENABLE_MODULES = YES;
				CLANG_ENABLE_OBJC_ARC = YES;
				CLANG_ENABLE_OBJC_WEAK = YES;
				CLANG_WARN_BLOCK_CAPTURE_AUTORELEASING = YES;
				CLANG_WARN_BOOL_CONVERSION = YES;
				CLANG_WARN_COMMA = YES;
				CLANG_WARN_CONSTANT_CONVERSION = YES;
				CLANG_WARN_DEPRECATED_OBJC_IMPLEMENTATIONS = YES;
				CLANG_WARN_DIRECT_OBJC_ISA_USAGE = YES_ERROR;
				CLANG_WARN_DOCUMENTATION_COMMENTS = YES;
				CLANG_WARN_EMPTY_BODY = YES;
				CLANG_WARN_ENUM_CONVERSION = YES;
				CLANG_WARN_INFINITE_RECURSION = YES;
				CLANG_WARN_INT_CONVERSION = YES;
				CLANG_WARN_NON_LITERAL_NULL_CONVERSION = YES;
				CLANG_WARN_OBJC_IMPLICIT_RETAIN_SELF = YES;
				CLANG_WARN_OBJC_LITERAL_CONVERSION = YES;
				CLANG_WARN_OBJC_ROOT_CLASS = YES_ERROR;
				CLANG_WARN_QUOTED_INCLUDE_IN_FRAMEWORK_HEADER = YES;
				CLANG_WARN_RANGE_LOOP_ANALYSIS = YES;
				CLANG_WARN_STRICT_PROTOTYPES = YES;
				CLANG_WARN_SUSPICIOUS_MOVE = YES;
				CLANG_WARN_UNGUARDED_AVAILABILITY = YES_AGGRESSIVE;
				CLANG_WARN_UNREACHABLE_CODE = YES;
				CLANG_WARN__DUPLICATE_METHOD_MATCH = YES;
				COPY_PHASE_STRIP = NO;
				DEBUG_INFORMATION_FORMAT = "dwarf-with-dsym";
				ENABLE_NS_ASSERTIONS = NO;
				ENABLE_STRICT_OBJC_MSGSEND = YES;
				GCC_C_LANGUAGE_STANDARD = gnu11;
				GCC_NO_COMMON_BLOCKS = YES;
				GCC_WARN_64_TO_32_BIT_CONVERSION = YES;
				GCC_WARN_ABOUT_RETURN_TYPE = YES_ERROR;
				GCC_WARN_UNDECLARED_SELECTOR = YES;
				GCC_WARN_UNINITIALIZED_AUTOS = YES_AGGRESSIVE;
				GCC_WARN_UNUSED_FUNCTION = YES;
				GCC_WARN_UNUSED_VARIABLE = YES;
				MACOSX_DEPLOYMENT_TARGET = 13.3;
				MTL_ENABLE_DEBUG_INFO = NO;
				MTL_FAST_MATH = YES;
				SDKROOT = macosx;
				SWIFT_COMPILATION_MODE = wholemodule;
				SWIFT_OPTIMIZATION_LEVEL = "-O";
			};
			name = Release;
		};
		E1FB2D4A2A76BF0300473AE1 /* Debug */ = {
			isa = XCBuildConfiguration;
			buildSettings = {
				ASSETCATALOG_COMPILER_APPICON_NAME = AppIcon;
				ASSETCATALOG_COMPILER_GLOBAL_ACCENT_COLOR_NAME = AccentColor;
				CODE_SIGN_ENTITLEMENTS = InternxtDesktop/InternxtDesktop.entitlements;
				CODE_SIGN_STYLE = Automatic;
				COMBINE_HIDPI_IMAGES = YES;
				CURRENT_PROJECT_VERSION = 1;
				DEVELOPMENT_ASSET_PATHS = "\"InternxtDesktop/Preview Content\"";
				DEVELOPMENT_TEAM = JR4S3SY396;
				ENABLE_HARDENED_RUNTIME = YES;
				ENABLE_PREVIEWS = YES;
				GENERATE_INFOPLIST_FILE = YES;
				INFOPLIST_KEY_NSHumanReadableCopyright = "";
				LD_RUNPATH_SEARCH_PATHS = (
					"$(inherited)",
					"@executable_path/../Frameworks",
				);
				MARKETING_VERSION = 1.0;
				PRODUCT_BUNDLE_IDENTIFIER = internxt.InternxtDesktop;
				PRODUCT_NAME = "$(TARGET_NAME)";
				SWIFT_EMIT_LOC_STRINGS = YES;
				SWIFT_VERSION = 5.0;
			};
			name = Debug;
		};
		E1FB2D4B2A76BF0300473AE1 /* Release */ = {
			isa = XCBuildConfiguration;
			buildSettings = {
				ASSETCATALOG_COMPILER_APPICON_NAME = AppIcon;
				ASSETCATALOG_COMPILER_GLOBAL_ACCENT_COLOR_NAME = AccentColor;
				CODE_SIGN_ENTITLEMENTS = InternxtDesktop/InternxtDesktop.entitlements;
				CODE_SIGN_STYLE = Automatic;
				COMBINE_HIDPI_IMAGES = YES;
				CURRENT_PROJECT_VERSION = 1;
				DEVELOPMENT_ASSET_PATHS = "\"InternxtDesktop/Preview Content\"";
				DEVELOPMENT_TEAM = JR4S3SY396;
				ENABLE_HARDENED_RUNTIME = YES;
				ENABLE_PREVIEWS = YES;
				GENERATE_INFOPLIST_FILE = YES;
				INFOPLIST_KEY_NSHumanReadableCopyright = "";
				LD_RUNPATH_SEARCH_PATHS = (
					"$(inherited)",
					"@executable_path/../Frameworks",
				);
				MARKETING_VERSION = 1.0;
				PRODUCT_BUNDLE_IDENTIFIER = internxt.InternxtDesktop;
				PRODUCT_NAME = "$(TARGET_NAME)";
				SWIFT_EMIT_LOC_STRINGS = YES;
				SWIFT_VERSION = 5.0;
			};
			name = Release;
		};
		E1FB2D4D2A76BF0300473AE1 /* Debug */ = {
			isa = XCBuildConfiguration;
			buildSettings = {
				ALWAYS_EMBED_SWIFT_STANDARD_LIBRARIES = YES;
				BUNDLE_LOADER = "$(TEST_HOST)";
				CODE_SIGN_STYLE = Automatic;
				CURRENT_PROJECT_VERSION = 1;
				DEVELOPMENT_TEAM = JR4S3SY396;
				GENERATE_INFOPLIST_FILE = YES;
				MACOSX_DEPLOYMENT_TARGET = 13.3;
				MARKETING_VERSION = 1.0;
				PRODUCT_BUNDLE_IDENTIFIER = internxt.InternxtDesktopTests;
				PRODUCT_NAME = "$(TARGET_NAME)";
				SWIFT_EMIT_LOC_STRINGS = NO;
				SWIFT_VERSION = 5.0;
				TEST_HOST = "$(BUILT_PRODUCTS_DIR)/InternxtDesktop.app/$(BUNDLE_EXECUTABLE_FOLDER_PATH)/InternxtDesktop";
			};
			name = Debug;
		};
		E1FB2D4E2A76BF0300473AE1 /* Release */ = {
			isa = XCBuildConfiguration;
			buildSettings = {
				ALWAYS_EMBED_SWIFT_STANDARD_LIBRARIES = YES;
				BUNDLE_LOADER = "$(TEST_HOST)";
				CODE_SIGN_STYLE = Automatic;
				CURRENT_PROJECT_VERSION = 1;
				DEVELOPMENT_TEAM = JR4S3SY396;
				GENERATE_INFOPLIST_FILE = YES;
				MACOSX_DEPLOYMENT_TARGET = 13.3;
				MARKETING_VERSION = 1.0;
				PRODUCT_BUNDLE_IDENTIFIER = internxt.InternxtDesktopTests;
				PRODUCT_NAME = "$(TARGET_NAME)";
				SWIFT_EMIT_LOC_STRINGS = NO;
				SWIFT_VERSION = 5.0;
				TEST_HOST = "$(BUILT_PRODUCTS_DIR)/InternxtDesktop.app/$(BUNDLE_EXECUTABLE_FOLDER_PATH)/InternxtDesktop";
			};
			name = Release;
		};
		E1FB2D502A76BF0300473AE1 /* Debug */ = {
			isa = XCBuildConfiguration;
			buildSettings = {
				ALWAYS_EMBED_SWIFT_STANDARD_LIBRARIES = YES;
				CODE_SIGN_STYLE = Automatic;
				CURRENT_PROJECT_VERSION = 1;
				DEVELOPMENT_TEAM = JR4S3SY396;
				GENERATE_INFOPLIST_FILE = YES;
				MARKETING_VERSION = 1.0;
				PRODUCT_BUNDLE_IDENTIFIER = internxt.InternxtDesktopUITests;
				PRODUCT_NAME = "$(TARGET_NAME)";
				SWIFT_EMIT_LOC_STRINGS = NO;
				SWIFT_VERSION = 5.0;
				TEST_TARGET_NAME = InternxtDesktop;
			};
			name = Debug;
		};
		E1FB2D512A76BF0300473AE1 /* Release */ = {
			isa = XCBuildConfiguration;
			buildSettings = {
				ALWAYS_EMBED_SWIFT_STANDARD_LIBRARIES = YES;
				CODE_SIGN_STYLE = Automatic;
				CURRENT_PROJECT_VERSION = 1;
				DEVELOPMENT_TEAM = JR4S3SY396;
				GENERATE_INFOPLIST_FILE = YES;
				MARKETING_VERSION = 1.0;
				PRODUCT_BUNDLE_IDENTIFIER = internxt.InternxtDesktopUITests;
				PRODUCT_NAME = "$(TARGET_NAME)";
				SWIFT_EMIT_LOC_STRINGS = NO;
				SWIFT_VERSION = 5.0;
				TEST_TARGET_NAME = InternxtDesktop;
			};
			name = Release;
		};
/* End XCBuildConfiguration section */

/* Begin XCConfigurationList section */
		E1FB2D1F2A76BF0200473AE1 /* Build configuration list for PBXProject "InternxtDesktop" */ = {
			isa = XCConfigurationList;
			buildConfigurations = (
				E1FB2D472A76BF0300473AE1 /* Debug */,
				E1FB2D482A76BF0300473AE1 /* Release */,
			);
			defaultConfigurationIsVisible = 0;
			defaultConfigurationName = Release;
		};
		E1FB2D492A76BF0300473AE1 /* Build configuration list for PBXNativeTarget "InternxtDesktop" */ = {
			isa = XCConfigurationList;
			buildConfigurations = (
				E1FB2D4A2A76BF0300473AE1 /* Debug */,
				E1FB2D4B2A76BF0300473AE1 /* Release */,
			);
			defaultConfigurationIsVisible = 0;
			defaultConfigurationName = Release;
		};
		E1FB2D4C2A76BF0300473AE1 /* Build configuration list for PBXNativeTarget "InternxtDesktopTests" */ = {
			isa = XCConfigurationList;
			buildConfigurations = (
				E1FB2D4D2A76BF0300473AE1 /* Debug */,
				E1FB2D4E2A76BF0300473AE1 /* Release */,
			);
			defaultConfigurationIsVisible = 0;
			defaultConfigurationName = Release;
		};
		E1FB2D4F2A76BF0300473AE1 /* Build configuration list for PBXNativeTarget "InternxtDesktopUITests" */ = {
			isa = XCConfigurationList;
			buildConfigurations = (
				E1FB2D502A76BF0300473AE1 /* Debug */,
				E1FB2D512A76BF0300473AE1 /* Release */,
			);
			defaultConfigurationIsVisible = 0;
			defaultConfigurationName = Release;
		};
/* End XCConfigurationList section */
	};
	rootObject = E1FB2D1C2A76BF0200473AE1 /* Project object */;
}
