// !$*UTF8*$!
{
	archiveVersion = 1;
	classes = {
	};
	objectVersion = 56;
	objects = {

/* Begin PBXBuildFile section */
		E109717C2A81135F00ABED41 /* EnumerateFolderItemsUseCase.swift in Sources */ = {isa = PBXBuildFile; fileRef = E109717B2A81135F00ABED41 /* EnumerateFolderItemsUseCase.swift */; };
		E109717F2A81143A00ABED41 /* APIFactory.swift in Sources */ = {isa = PBXBuildFile; fileRef = E109717E2A81143A00ABED41 /* APIFactory.swift */; };
		E10971812A827A9500ABED41 /* CreateFolderUseCase.swift in Sources */ = {isa = PBXBuildFile; fileRef = E10971802A827A9500ABED41 /* CreateFolderUseCase.swift */; };
		E10971822A828BC900ABED41 /* ConfigLoader.swift in Sources */ = {isa = PBXBuildFile; fileRef = E1DB29582A7D5D86009036B8 /* ConfigLoader.swift */; };
		E10B0FDA2A9411C900B97874 /* AuthManager.swift in Sources */ = {isa = PBXBuildFile; fileRef = E17AA0232A8A70CE00C7EE6E /* AuthManager.swift */; };
		E10B0FDD2A94143F00B97874 /* Int.swift in Sources */ = {isa = PBXBuildFile; fileRef = E10B0FDC2A94143F00B97874 /* Int.swift */; };
		E10B0FDE2A94143F00B97874 /* Int.swift in Sources */ = {isa = PBXBuildFile; fileRef = E10B0FDC2A94143F00B97874 /* Int.swift */; };
		E10B0FDF2A94143F00B97874 /* Int.swift in Sources */ = {isa = PBXBuildFile; fileRef = E10B0FDC2A94143F00B97874 /* Int.swift */; };
		E10B0FE02A94143F00B97874 /* Int.swift in Sources */ = {isa = PBXBuildFile; fileRef = E10B0FDC2A94143F00B97874 /* Int.swift */; };
		E112933F2A77221A003DEADF /* Colors.xcassets in Resources */ = {isa = PBXBuildFile; fileRef = E112933E2A77221A003DEADF /* Colors.xcassets */; };
		E1312A4F2A7FE01E000EAA43 /* InternxtSwiftCore in Frameworks */ = {isa = PBXBuildFile; productRef = E1312A4E2A7FE01E000EAA43 /* InternxtSwiftCore */; };
		E1313D2F2A9501BB00C7ABF0 /* Sentry in Frameworks */ = {isa = PBXBuildFile; productRef = E1313D2E2A9501BB00C7ABF0 /* Sentry */; };
		E1313D3B2A9504D400C7ABF0 /* Sentry in Frameworks */ = {isa = PBXBuildFile; productRef = E1313D3A2A9504D400C7ABF0 /* Sentry */; };
		E145E16A2A829C6B00B07E0B /* env.sample.json in Resources */ = {isa = PBXBuildFile; fileRef = E145E1692A829C6B00B07E0B /* env.sample.json */; };
		E145E16C2A82A21500B07E0B /* Time.swift in Sources */ = {isa = PBXBuildFile; fileRef = E145E16B2A82A21500B07E0B /* Time.swift */; };
		E145E16D2A82A21500B07E0B /* Time.swift in Sources */ = {isa = PBXBuildFile; fileRef = E145E16B2A82A21500B07E0B /* Time.swift */; };
		E145E16F2A82ABEB00B07E0B /* TrashFolderUseCase.swift in Sources */ = {isa = PBXBuildFile; fileRef = E145E16E2A82ABEB00B07E0B /* TrashFolderUseCase.swift */; };
		E145E1712A82C6C000B07E0B /* TrashFileUseCase.swift in Sources */ = {isa = PBXBuildFile; fileRef = E145E1702A82C6C000B07E0B /* TrashFileUseCase.swift */; };
		E145E17A2A839DBF00B07E0B /* GetFolderMetaUseCase.swift in Sources */ = {isa = PBXBuildFile; fileRef = E145E1792A839DBF00B07E0B /* GetFolderMetaUseCase.swift */; };
		E145E17C2A83A1DA00B07E0B /* RenameFolderUseCase.swift in Sources */ = {isa = PBXBuildFile; fileRef = E145E17B2A83A1DA00B07E0B /* RenameFolderUseCase.swift */; };
		E145E1802A85235A00B07E0B /* CreateFileUseCase.swift in Sources */ = {isa = PBXBuildFile; fileRef = E145E17F2A85235A00B07E0B /* CreateFileUseCase.swift */; };
		E150884E2A7C55F20089BD57 /* InternxtSwiftCore in Frameworks */ = {isa = PBXBuildFile; productRef = E150884D2A7C55F20089BD57 /* InternxtSwiftCore */; };
		E1581DCA2A95221D0051DD46 /* FileProvider.swift in Sources */ = {isa = PBXBuildFile; fileRef = E1581DC92A95221D0051DD46 /* FileProvider.swift */; };
		E1581DCB2A95221D0051DD46 /* FileProvider.swift in Sources */ = {isa = PBXBuildFile; fileRef = E1581DC92A95221D0051DD46 /* FileProvider.swift */; };
		E1581DCD2A9531B10051DD46 /* RenameFileUseCase.swift in Sources */ = {isa = PBXBuildFile; fileRef = E1581DCC2A9531B10051DD46 /* RenameFileUseCase.swift */; };
		E1581DCF2A9629620051DD46 /* Generic.swift in Sources */ = {isa = PBXBuildFile; fileRef = E1581DCE2A9629620051DD46 /* Generic.swift */; };
		E1581DD02A9629620051DD46 /* Generic.swift in Sources */ = {isa = PBXBuildFile; fileRef = E1581DCE2A9629620051DD46 /* Generic.swift */; };
		E1581DD12A9629620051DD46 /* Generic.swift in Sources */ = {isa = PBXBuildFile; fileRef = E1581DCE2A9629620051DD46 /* Generic.swift */; };
		E1581DD22A9629620051DD46 /* Generic.swift in Sources */ = {isa = PBXBuildFile; fileRef = E1581DCE2A9629620051DD46 /* Generic.swift */; };
		E1581DD42A9629790051DD46 /* Error.swift in Sources */ = {isa = PBXBuildFile; fileRef = E1581DD32A9629790051DD46 /* Error.swift */; };
		E1581DD52A9629790051DD46 /* Error.swift in Sources */ = {isa = PBXBuildFile; fileRef = E1581DD32A9629790051DD46 /* Error.swift */; };
		E1581DD62A9629790051DD46 /* Error.swift in Sources */ = {isa = PBXBuildFile; fileRef = E1581DD32A9629790051DD46 /* Error.swift */; };
		E1581DD72A9629790051DD46 /* Error.swift in Sources */ = {isa = PBXBuildFile; fileRef = E1581DD32A9629790051DD46 /* Error.swift */; };
		E1581DDA2A9654930051DD46 /* GetFileOrFolderMetaUseCase.swift in Sources */ = {isa = PBXBuildFile; fileRef = E1581DD92A9654930051DD46 /* GetFileOrFolderMetaUseCase.swift */; };
		E1581DDC2A9672910051DD46 /* MoveFileUseCase.swift in Sources */ = {isa = PBXBuildFile; fileRef = E1581DDB2A9672910051DD46 /* MoveFileUseCase.swift */; };
		E1581DDE2A9678000051DD46 /* MoveFolderUseCase.swift in Sources */ = {isa = PBXBuildFile; fileRef = E1581DDD2A9678000051DD46 /* MoveFolderUseCase.swift */; };
		E1581DE02A96835F0051DD46 /* FetchFileContentUseCase.swift in Sources */ = {isa = PBXBuildFile; fileRef = E1581DDF2A96835F0051DD46 /* FetchFileContentUseCase.swift */; };
		E16310572A8E66F70072989E /* URLDictionary.swift in Sources */ = {isa = PBXBuildFile; fileRef = E16310562A8E66F70072989E /* URLDictionary.swift */; };
		E16310582A8E66F70072989E /* URLDictionary.swift in Sources */ = {isa = PBXBuildFile; fileRef = E16310562A8E66F70072989E /* URLDictionary.swift */; };
		E163105A2A8E67780072989E /* App.swift in Sources */ = {isa = PBXBuildFile; fileRef = E16310592A8E67780072989E /* App.swift */; };
		E163105C2A8E6C830072989E /* AppText.swift in Sources */ = {isa = PBXBuildFile; fileRef = E163105B2A8E6C830072989E /* AppText.swift */; };
		E16310952A8FAD3C0072989E /* APIFactory.swift in Sources */ = {isa = PBXBuildFile; fileRef = E109717E2A81143A00ABED41 /* APIFactory.swift */; };
		E16ECC142A9508B10093D3ED /* ErrorUtils.swift in Sources */ = {isa = PBXBuildFile; fileRef = E16ECC132A9508B10093D3ED /* ErrorUtils.swift */; };
		E16ECC152A9508B10093D3ED /* ErrorUtils.swift in Sources */ = {isa = PBXBuildFile; fileRef = E16ECC132A9508B10093D3ED /* ErrorUtils.swift */; };
		E17AA0242A8A70CE00C7EE6E /* AuthManager.swift in Sources */ = {isa = PBXBuildFile; fileRef = E17AA0232A8A70CE00C7EE6E /* AuthManager.swift */; };
		E17AA02E2A8A826D00C7EE6E /* ExtensionAssets.xcassets in Resources */ = {isa = PBXBuildFile; fileRef = E17AA02D2A8A826D00C7EE6E /* ExtensionAssets.xcassets */; };
		E18300A22AA161ED00AD023C /* DomainManager.swift in Sources */ = {isa = PBXBuildFile; fileRef = E18300A12AA161ED00AD023C /* DomainManager.swift */; };
		E18300A42AA1FC7700AD023C /* SettingsMenuView.swift in Sources */ = {isa = PBXBuildFile; fileRef = E18300A32AA1FC7700AD023C /* SettingsMenuView.swift */; };
		E18300A72AA21E1B00AD023C /* InstrumentSans-SemiBold.ttf in Resources */ = {isa = PBXBuildFile; fileRef = E18300A52AA21E1B00AD023C /* InstrumentSans-SemiBold.ttf */; };
		E18300A82AA21E1B00AD023C /* InstrumentSans-Regular.ttf in Resources */ = {isa = PBXBuildFile; fileRef = E18300A62AA21E1B00AD023C /* InstrumentSans-Regular.ttf */; };
		E18300AA2AA21E3600AD023C /* InstrumentSans-Bold.ttf in Resources */ = {isa = PBXBuildFile; fileRef = E18300A92AA21E3600AD023C /* InstrumentSans-Bold.ttf */; };
		E18300AC2AA21E7200AD023C /* InstrumentSans-Medium.ttf in Resources */ = {isa = PBXBuildFile; fileRef = E18300AB2AA21E7200AD023C /* InstrumentSans-Medium.ttf */; };
		E18300AE2AA230A600AD023C /* WidgetSyncEntryView.swift in Sources */ = {isa = PBXBuildFile; fileRef = E18300AD2AA230A600AD023C /* WidgetSyncEntryView.swift */; };
		E18300B02AA2395100AD023C /* FileExtension.swift in Sources */ = {isa = PBXBuildFile; fileRef = E18300AF2AA2395100AD023C /* FileExtension.swift */; };
		E18300BC2AA3CFCF00AD023C /* XPCService.swift in Sources */ = {isa = PBXBuildFile; fileRef = E18300BB2AA3CFCF00AD023C /* XPCService.swift */; };
		E18300C12AA3CFCF00AD023C /* XPCService.xpc in Embed XPC Services */ = {isa = PBXBuildFile; fileRef = E18300B52AA3CFCF00AD023C /* XPCService.xpc */; settings = {ATTRIBUTES = (RemoveHeadersOnCopy, ); }; };
		E18300C92AA3D0BE00AD023C /* SwiftyXPC in Frameworks */ = {isa = PBXBuildFile; productRef = E18300C82AA3D0BE00AD023C /* SwiftyXPC */; };
		E18300CB2AA3D0EC00AD023C /* SwiftyXPC in Frameworks */ = {isa = PBXBuildFile; productRef = E18300CA2AA3D0EC00AD023C /* SwiftyXPC */; };
		E18300CD2AA3D17500AD023C /* CommandSet.swift in Sources */ = {isa = PBXBuildFile; fileRef = E18300CC2AA3D17500AD023C /* CommandSet.swift */; };
		E18300CF2AA3D39400AD023C /* AppXPCCommunicator.swift in Sources */ = {isa = PBXBuildFile; fileRef = E18300CE2AA3D39400AD023C /* AppXPCCommunicator.swift */; };
		E18300D02AA3D39400AD023C /* AppXPCCommunicator.swift in Sources */ = {isa = PBXBuildFile; fileRef = E18300CE2AA3D39400AD023C /* AppXPCCommunicator.swift */; };
		E18300D22AA3F97500AD023C /* CommandSet.swift in Sources */ = {isa = PBXBuildFile; fileRef = E18300CC2AA3D17500AD023C /* CommandSet.swift */; };
		E18300D32AA3F97600AD023C /* CommandSet.swift in Sources */ = {isa = PBXBuildFile; fileRef = E18300CC2AA3D17500AD023C /* CommandSet.swift */; };
		E18300D52AA3FEFC00AD023C /* SwiftyXPC in Frameworks */ = {isa = PBXBuildFile; productRef = E18300D42AA3FEFC00AD023C /* SwiftyXPC */; };
		E1880B972AA6111B001FC171 /* SettingsView.swift in Sources */ = {isa = PBXBuildFile; fileRef = E1880B962AA6111B001FC171 /* SettingsView.swift */; };
		E1880B992AA611D3001FC171 /* GeneralTabView.swift in Sources */ = {isa = PBXBuildFile; fileRef = E1880B982AA611D3001FC171 /* GeneralTabView.swift */; };
		E1880B9C2AA625D6001FC171 /* DeviceNameView.swift in Sources */ = {isa = PBXBuildFile; fileRef = E1880B9B2AA625D6001FC171 /* DeviceNameView.swift */; };
		E1880B9E2AA6294D001FC171 /* AppCheckbox.swift in Sources */ = {isa = PBXBuildFile; fileRef = E1880B9D2AA6294D001FC171 /* AppCheckbox.swift */; };
		E1880BA02AA63215001FC171 /* StartOnLaunchView.swift in Sources */ = {isa = PBXBuildFile; fileRef = E1880B9F2AA63215001FC171 /* StartOnLaunchView.swift */; };
		E1880BA22AA63CF2001FC171 /* AccountTabView.swift in Sources */ = {isa = PBXBuildFile; fileRef = E1880BA12AA63CF2001FC171 /* AccountTabView.swift */; };
		E1880BA42AA6973C001FC171 /* GlobalUIManager.swift in Sources */ = {isa = PBXBuildFile; fileRef = E1880BA32AA6973C001FC171 /* GlobalUIManager.swift */; };
		E191368C2AA0FB4C00CAF0FA /* Localizable.strings in Resources */ = {isa = PBXBuildFile; fileRef = E19136912AA0FB4C00CAF0FA /* Localizable.strings */; };
		E191368D2AA0FB4C00CAF0FA /* Localizable.strings in Resources */ = {isa = PBXBuildFile; fileRef = E19136912AA0FB4C00CAF0FA /* Localizable.strings */; };
		E191368E2AA0FB4C00CAF0FA /* Localizable.strings in Resources */ = {isa = PBXBuildFile; fileRef = E19136912AA0FB4C00CAF0FA /* Localizable.strings */; };
		E191368F2AA0FB4C00CAF0FA /* Localizable.strings in Resources */ = {isa = PBXBuildFile; fileRef = E19136912AA0FB4C00CAF0FA /* Localizable.strings */; };
		E19136942AA101DE00CAF0FA /* WidgetIconButtonView.swift in Sources */ = {isa = PBXBuildFile; fileRef = E19136932AA101DE00CAF0FA /* WidgetIconButtonView.swift */; };
		E19136962AA108D200CAF0FA /* View.swift in Sources */ = {isa = PBXBuildFile; fileRef = E19136952AA108D200CAF0FA /* View.swift */; };
		E19136972AA108D200CAF0FA /* View.swift in Sources */ = {isa = PBXBuildFile; fileRef = E19136952AA108D200CAF0FA /* View.swift */; };
		E19136982AA108D200CAF0FA /* View.swift in Sources */ = {isa = PBXBuildFile; fileRef = E19136952AA108D200CAF0FA /* View.swift */; };
		E19136992AA108D200CAF0FA /* View.swift in Sources */ = {isa = PBXBuildFile; fileRef = E19136952AA108D200CAF0FA /* View.swift */; };
		E1ADD03E2AA6ABE700D95694 /* LaunchAtLogin in Frameworks */ = {isa = PBXBuildFile; productRef = E1ADD03D2AA6ABE700D95694 /* LaunchAtLogin */; };
		E1ADD0402AA7229600D95694 /* AppAvatar.swift in Sources */ = {isa = PBXBuildFile; fileRef = E1ADD03F2AA7229600D95694 /* AppAvatar.swift */; };
		E1ADD0422AA7272100D95694 /* AccountUsageView.swift in Sources */ = {isa = PBXBuildFile; fileRef = E1ADD0412AA7272100D95694 /* AccountUsageView.swift */; };
		E1ADD0442AA7367800D95694 /* UsageManager.swift in Sources */ = {isa = PBXBuildFile; fileRef = E1ADD0432AA7367800D95694 /* UsageManager.swift */; };
		E1ADD04C2AA7EF0F00D95694 /* AppSelectOption.swift in Sources */ = {isa = PBXBuildFile; fileRef = E1ADD04B2AA7EF0F00D95694 /* AppSelectOption.swift */; };
		E1CC520A2A97DE85009DEEAA /* DeleteFileOrFolderUseCase.swift in Sources */ = {isa = PBXBuildFile; fileRef = E1CC52092A97DE85009DEEAA /* DeleteFileOrFolderUseCase.swift */; };
		E1CC520C2A98B460009DEEAA /* Bundle.swift in Sources */ = {isa = PBXBuildFile; fileRef = E1CC520B2A98B460009DEEAA /* Bundle.swift */; };
		E1CC520D2A98B460009DEEAA /* Bundle.swift in Sources */ = {isa = PBXBuildFile; fileRef = E1CC520B2A98B460009DEEAA /* Bundle.swift */; };
		E1CC520E2A98B460009DEEAA /* Bundle.swift in Sources */ = {isa = PBXBuildFile; fileRef = E1CC520B2A98B460009DEEAA /* Bundle.swift */; };
		E1CC520F2A98B460009DEEAA /* Bundle.swift in Sources */ = {isa = PBXBuildFile; fileRef = E1CC520B2A98B460009DEEAA /* Bundle.swift */; };
		E1CC52152AA0A676009DEEAA /* Phosphor.ttf in Resources */ = {isa = PBXBuildFile; fileRef = E1CC52142AA0A676009DEEAA /* Phosphor.ttf */; };
		E1CC52162AA0A676009DEEAA /* Phosphor.ttf in Resources */ = {isa = PBXBuildFile; fileRef = E1CC52142AA0A676009DEEAA /* Phosphor.ttf */; };
		E1CC52172AA0A676009DEEAA /* Phosphor.ttf in Resources */ = {isa = PBXBuildFile; fileRef = E1CC52142AA0A676009DEEAA /* Phosphor.ttf */; };
		E1CC52182AA0A676009DEEAA /* Phosphor.ttf in Resources */ = {isa = PBXBuildFile; fileRef = E1CC52142AA0A676009DEEAA /* Phosphor.ttf */; };
		E1CC521A2AA0A695009DEEAA /* AppIcon.swift in Sources */ = {isa = PBXBuildFile; fileRef = E1CC52192AA0A695009DEEAA /* AppIcon.swift */; };
		E1CC521C2AA0A884009DEEAA /* String.swift in Sources */ = {isa = PBXBuildFile; fileRef = E1CC521B2AA0A884009DEEAA /* String.swift */; };
		E1CC521D2AA0A894009DEEAA /* String.swift in Sources */ = {isa = PBXBuildFile; fileRef = E1CC521B2AA0A884009DEEAA /* String.swift */; };
		E1CC521E2AA0A895009DEEAA /* String.swift in Sources */ = {isa = PBXBuildFile; fileRef = E1CC521B2AA0A884009DEEAA /* String.swift */; };
		E1CC521F2AA0A895009DEEAA /* String.swift in Sources */ = {isa = PBXBuildFile; fileRef = E1CC521B2AA0A884009DEEAA /* String.swift */; };
		E1CC52212AA0B4FE009DEEAA /* Icons.xcassets in Resources */ = {isa = PBXBuildFile; fileRef = E1CC52202AA0B4FE009DEEAA /* Icons.xcassets */; };
		E1DB29542A7D56C4009036B8 /* AppTextInput.swift in Sources */ = {isa = PBXBuildFile; fileRef = E1DB29532A7D56C4009036B8 /* AppTextInput.swift */; };
		E1DB29562A7D5CD5009036B8 /* env.local.json in Resources */ = {isa = PBXBuildFile; fileRef = E1DB29552A7D5CD5009036B8 /* env.local.json */; };
		E1DB29572A7D5CD5009036B8 /* env.local.json in Resources */ = {isa = PBXBuildFile; fileRef = E1DB29552A7D5CD5009036B8 /* env.local.json */; };
		E1DB29592A7D5D86009036B8 /* ConfigLoader.swift in Sources */ = {isa = PBXBuildFile; fileRef = E1DB29582A7D5D86009036B8 /* ConfigLoader.swift */; };
		E1DB295D2A7D64AB009036B8 /* WidgetHeaderView.swift in Sources */ = {isa = PBXBuildFile; fileRef = E1DB295C2A7D64AB009036B8 /* WidgetHeaderView.swift */; };
		E1DB295F2A7D6A03009036B8 /* WidgetView.swift in Sources */ = {isa = PBXBuildFile; fileRef = E1DB295E2A7D6A03009036B8 /* WidgetView.swift */; };
		E1DB29612A7D6B80009036B8 /* WidgetContentView.swift in Sources */ = {isa = PBXBuildFile; fileRef = E1DB29602A7D6B80009036B8 /* WidgetContentView.swift */; };
		E1DB29632A7D6BA5009036B8 /* WidgetFooterView.swift in Sources */ = {isa = PBXBuildFile; fileRef = E1DB29622A7D6BA5009036B8 /* WidgetFooterView.swift */; };
		E1F616072A8D7DF8008C9E62 /* SignInWithBrowserView.swift in Sources */ = {isa = PBXBuildFile; fileRef = E1F616062A8D7DF8008C9E62 /* SignInWithBrowserView.swift */; };
		E1F616092A8D7E6F008C9E62 /* AppButton.swift in Sources */ = {isa = PBXBuildFile; fileRef = E1F616082A8D7E6F008C9E62 /* AppButton.swift */; };
		E1FB2D2A2A76BF0200473AE1 /* ContentView.swift in Sources */ = {isa = PBXBuildFile; fileRef = E1FB2D292A76BF0200473AE1 /* ContentView.swift */; };
		E1FB2D2C2A76BF0300473AE1 /* Assets.xcassets in Resources */ = {isa = PBXBuildFile; fileRef = E1FB2D2B2A76BF0300473AE1 /* Assets.xcassets */; };
		E1FB2D2F2A76BF0300473AE1 /* Preview Assets.xcassets in Resources */ = {isa = PBXBuildFile; fileRef = E1FB2D2E2A76BF0300473AE1 /* Preview Assets.xcassets */; };
		E1FB2D3A2A76BF0300473AE1 /* InternxtDesktopTests.swift in Sources */ = {isa = PBXBuildFile; fileRef = E1FB2D392A76BF0300473AE1 /* InternxtDesktopTests.swift */; };
		E1FB2D442A76BF0300473AE1 /* InternxtDesktopUITests.swift in Sources */ = {isa = PBXBuildFile; fileRef = E1FB2D432A76BF0300473AE1 /* InternxtDesktopUITests.swift */; };
		E1FB2D462A76BF0300473AE1 /* InternxtDesktopUITestsLaunchTests.swift in Sources */ = {isa = PBXBuildFile; fileRef = E1FB2D452A76BF0300473AE1 /* InternxtDesktopUITestsLaunchTests.swift */; };
		E1FB2D822A76C48600473AE1 /* UniformTypeIdentifiers.framework in Frameworks */ = {isa = PBXBuildFile; fileRef = E1FB2D6C2A76C3EC00473AE1 /* UniformTypeIdentifiers.framework */; };
		E1FB2D852A76C48600473AE1 /* FileProviderExtension.swift in Sources */ = {isa = PBXBuildFile; fileRef = E1FB2D842A76C48600473AE1 /* FileProviderExtension.swift */; };
		E1FB2D872A76C48600473AE1 /* FileProviderItem.swift in Sources */ = {isa = PBXBuildFile; fileRef = E1FB2D862A76C48600473AE1 /* FileProviderItem.swift */; };
		E1FB2D892A76C48600473AE1 /* FileProviderEnumerator.swift in Sources */ = {isa = PBXBuildFile; fileRef = E1FB2D882A76C48600473AE1 /* FileProviderEnumerator.swift */; };
		E1FB2D8E2A76C48600473AE1 /* SyncExtension.appex in Embed Foundation Extensions */ = {isa = PBXBuildFile; fileRef = E1FB2D812A76C48600473AE1 /* SyncExtension.appex */; settings = {ATTRIBUTES = (RemoveHeadersOnCopy, ); }; };
		E1FB2D932A76C6EE00473AE1 /* AppDelegate.swift in Sources */ = {isa = PBXBuildFile; fileRef = E1FB2D922A76C6EE00473AE1 /* AppDelegate.swift */; };
/* End PBXBuildFile section */

/* Begin PBXContainerItemProxy section */
		E18300BF2AA3CFCF00AD023C /* PBXContainerItemProxy */ = {
			isa = PBXContainerItemProxy;
			containerPortal = E1FB2D1C2A76BF0200473AE1 /* Project object */;
			proxyType = 1;
			remoteGlobalIDString = E18300B42AA3CFCF00AD023C;
			remoteInfo = XPCService;
		};
		E1FB2D362A76BF0300473AE1 /* PBXContainerItemProxy */ = {
			isa = PBXContainerItemProxy;
			containerPortal = E1FB2D1C2A76BF0200473AE1 /* Project object */;
			proxyType = 1;
			remoteGlobalIDString = E1FB2D232A76BF0200473AE1;
			remoteInfo = InternxtDesktop;
		};
		E1FB2D402A76BF0300473AE1 /* PBXContainerItemProxy */ = {
			isa = PBXContainerItemProxy;
			containerPortal = E1FB2D1C2A76BF0200473AE1 /* Project object */;
			proxyType = 1;
			remoteGlobalIDString = E1FB2D232A76BF0200473AE1;
			remoteInfo = InternxtDesktop;
		};
		E1FB2D8C2A76C48600473AE1 /* PBXContainerItemProxy */ = {
			isa = PBXContainerItemProxy;
			containerPortal = E1FB2D1C2A76BF0200473AE1 /* Project object */;
			proxyType = 1;
			remoteGlobalIDString = E1FB2D802A76C48600473AE1;
			remoteInfo = SyncExtension;
		};
/* End PBXContainerItemProxy section */

/* Begin PBXCopyFilesBuildPhase section */
		E18300C62AA3CFCF00AD023C /* Embed XPC Services */ = {
			isa = PBXCopyFilesBuildPhase;
			buildActionMask = 2147483647;
			dstPath = "$(CONTENTS_FOLDER_PATH)/XPCServices";
			dstSubfolderSpec = 16;
			files = (
				E18300C12AA3CFCF00AD023C /* XPCService.xpc in Embed XPC Services */,
			);
			name = "Embed XPC Services";
			runOnlyForDeploymentPostprocessing = 0;
		};
		E1FB2D652A76C2AE00473AE1 /* Embed Foundation Extensions */ = {
			isa = PBXCopyFilesBuildPhase;
			buildActionMask = 2147483647;
			dstPath = "";
			dstSubfolderSpec = 13;
			files = (
				E1FB2D8E2A76C48600473AE1 /* SyncExtension.appex in Embed Foundation Extensions */,
			);
			name = "Embed Foundation Extensions";
			runOnlyForDeploymentPostprocessing = 0;
		};
/* End PBXCopyFilesBuildPhase section */

/* Begin PBXFileReference section */
		E109717B2A81135F00ABED41 /* EnumerateFolderItemsUseCase.swift */ = {isa = PBXFileReference; lastKnownFileType = sourcecode.swift; path = EnumerateFolderItemsUseCase.swift; sourceTree = "<group>"; };
		E109717E2A81143A00ABED41 /* APIFactory.swift */ = {isa = PBXFileReference; lastKnownFileType = sourcecode.swift; path = APIFactory.swift; sourceTree = "<group>"; };
		E10971802A827A9500ABED41 /* CreateFolderUseCase.swift */ = {isa = PBXFileReference; lastKnownFileType = sourcecode.swift; path = CreateFolderUseCase.swift; sourceTree = "<group>"; };
		E10B0FDC2A94143F00B97874 /* Int.swift */ = {isa = PBXFileReference; lastKnownFileType = sourcecode.swift; path = Int.swift; sourceTree = "<group>"; };
		E112933E2A77221A003DEADF /* Colors.xcassets */ = {isa = PBXFileReference; lastKnownFileType = folder.assetcatalog; path = Colors.xcassets; sourceTree = "<group>"; };
		E145E1692A829C6B00B07E0B /* env.sample.json */ = {isa = PBXFileReference; lastKnownFileType = text.json; path = env.sample.json; sourceTree = "<group>"; };
		E145E16B2A82A21500B07E0B /* Time.swift */ = {isa = PBXFileReference; lastKnownFileType = sourcecode.swift; path = Time.swift; sourceTree = "<group>"; };
		E145E16E2A82ABEB00B07E0B /* TrashFolderUseCase.swift */ = {isa = PBXFileReference; lastKnownFileType = sourcecode.swift; path = TrashFolderUseCase.swift; sourceTree = "<group>"; };
		E145E1702A82C6C000B07E0B /* TrashFileUseCase.swift */ = {isa = PBXFileReference; lastKnownFileType = sourcecode.swift; path = TrashFileUseCase.swift; sourceTree = "<group>"; };
		E145E1792A839DBF00B07E0B /* GetFolderMetaUseCase.swift */ = {isa = PBXFileReference; lastKnownFileType = sourcecode.swift; path = GetFolderMetaUseCase.swift; sourceTree = "<group>"; };
		E145E17B2A83A1DA00B07E0B /* RenameFolderUseCase.swift */ = {isa = PBXFileReference; lastKnownFileType = sourcecode.swift; path = RenameFolderUseCase.swift; sourceTree = "<group>"; };
		E145E17F2A85235A00B07E0B /* CreateFileUseCase.swift */ = {isa = PBXFileReference; lastKnownFileType = sourcecode.swift; path = CreateFileUseCase.swift; sourceTree = "<group>"; };
		E1581DC92A95221D0051DD46 /* FileProvider.swift */ = {isa = PBXFileReference; lastKnownFileType = sourcecode.swift; path = FileProvider.swift; sourceTree = "<group>"; };
		E1581DCC2A9531B10051DD46 /* RenameFileUseCase.swift */ = {isa = PBXFileReference; lastKnownFileType = sourcecode.swift; path = RenameFileUseCase.swift; sourceTree = "<group>"; };
		E1581DCE2A9629620051DD46 /* Generic.swift */ = {isa = PBXFileReference; lastKnownFileType = sourcecode.swift; path = Generic.swift; sourceTree = "<group>"; };
		E1581DD32A9629790051DD46 /* Error.swift */ = {isa = PBXFileReference; lastKnownFileType = sourcecode.swift; path = Error.swift; sourceTree = "<group>"; };
		E1581DD92A9654930051DD46 /* GetFileOrFolderMetaUseCase.swift */ = {isa = PBXFileReference; lastKnownFileType = sourcecode.swift; path = GetFileOrFolderMetaUseCase.swift; sourceTree = "<group>"; };
		E1581DDB2A9672910051DD46 /* MoveFileUseCase.swift */ = {isa = PBXFileReference; lastKnownFileType = sourcecode.swift; path = MoveFileUseCase.swift; sourceTree = "<group>"; };
		E1581DDD2A9678000051DD46 /* MoveFolderUseCase.swift */ = {isa = PBXFileReference; lastKnownFileType = sourcecode.swift; path = MoveFolderUseCase.swift; sourceTree = "<group>"; };
		E1581DDF2A96835F0051DD46 /* FetchFileContentUseCase.swift */ = {isa = PBXFileReference; lastKnownFileType = sourcecode.swift; path = FetchFileContentUseCase.swift; sourceTree = "<group>"; };
		E16310562A8E66F70072989E /* URLDictionary.swift */ = {isa = PBXFileReference; lastKnownFileType = sourcecode.swift; path = URLDictionary.swift; sourceTree = "<group>"; };
		E16310592A8E67780072989E /* App.swift */ = {isa = PBXFileReference; lastKnownFileType = sourcecode.swift; path = App.swift; sourceTree = "<group>"; };
		E163105B2A8E6C830072989E /* AppText.swift */ = {isa = PBXFileReference; lastKnownFileType = sourcecode.swift; path = AppText.swift; sourceTree = "<group>"; };
		E16ECC132A9508B10093D3ED /* ErrorUtils.swift */ = {isa = PBXFileReference; lastKnownFileType = sourcecode.swift; path = ErrorUtils.swift; sourceTree = "<group>"; };
		E17499222A94F425002ABF65 /* InternxtDesktopDebug.entitlements */ = {isa = PBXFileReference; lastKnownFileType = text.plist.entitlements; path = InternxtDesktopDebug.entitlements; sourceTree = "<group>"; };
		E17AA0232A8A70CE00C7EE6E /* AuthManager.swift */ = {isa = PBXFileReference; lastKnownFileType = sourcecode.swift; path = AuthManager.swift; sourceTree = "<group>"; };
		E17AA02D2A8A826D00C7EE6E /* ExtensionAssets.xcassets */ = {isa = PBXFileReference; lastKnownFileType = folder.assetcatalog; path = ExtensionAssets.xcassets; sourceTree = "<group>"; };
		E18300A12AA161ED00AD023C /* DomainManager.swift */ = {isa = PBXFileReference; lastKnownFileType = sourcecode.swift; path = DomainManager.swift; sourceTree = "<group>"; };
		E18300A32AA1FC7700AD023C /* SettingsMenuView.swift */ = {isa = PBXFileReference; lastKnownFileType = sourcecode.swift; path = SettingsMenuView.swift; sourceTree = "<group>"; };
		E18300A52AA21E1B00AD023C /* InstrumentSans-SemiBold.ttf */ = {isa = PBXFileReference; lastKnownFileType = file; path = "InstrumentSans-SemiBold.ttf"; sourceTree = "<group>"; };
		E18300A62AA21E1B00AD023C /* InstrumentSans-Regular.ttf */ = {isa = PBXFileReference; lastKnownFileType = file; path = "InstrumentSans-Regular.ttf"; sourceTree = "<group>"; };
		E18300A92AA21E3600AD023C /* InstrumentSans-Bold.ttf */ = {isa = PBXFileReference; lastKnownFileType = file; path = "InstrumentSans-Bold.ttf"; sourceTree = "<group>"; };
		E18300AB2AA21E7200AD023C /* InstrumentSans-Medium.ttf */ = {isa = PBXFileReference; lastKnownFileType = file; path = "InstrumentSans-Medium.ttf"; sourceTree = "<group>"; };
		E18300AD2AA230A600AD023C /* WidgetSyncEntryView.swift */ = {isa = PBXFileReference; lastKnownFileType = sourcecode.swift; path = WidgetSyncEntryView.swift; sourceTree = "<group>"; };
		E18300AF2AA2395100AD023C /* FileExtension.swift */ = {isa = PBXFileReference; lastKnownFileType = sourcecode.swift; path = FileExtension.swift; sourceTree = "<group>"; };
		E18300B52AA3CFCF00AD023C /* XPCService.xpc */ = {isa = PBXFileReference; explicitFileType = "wrapper.xpc-service"; includeInIndex = 0; path = XPCService.xpc; sourceTree = BUILT_PRODUCTS_DIR; };
		E18300BB2AA3CFCF00AD023C /* XPCService.swift */ = {isa = PBXFileReference; lastKnownFileType = sourcecode.swift; path = XPCService.swift; sourceTree = "<group>"; };
		E18300BD2AA3CFCF00AD023C /* Info.plist */ = {isa = PBXFileReference; lastKnownFileType = text.plist.xml; path = Info.plist; sourceTree = "<group>"; };
		E18300BE2AA3CFCF00AD023C /* XPCService.entitlements */ = {isa = PBXFileReference; lastKnownFileType = text.plist.entitlements; path = XPCService.entitlements; sourceTree = "<group>"; };
		E18300CC2AA3D17500AD023C /* CommandSet.swift */ = {isa = PBXFileReference; lastKnownFileType = sourcecode.swift; path = CommandSet.swift; sourceTree = "<group>"; };
		E18300CE2AA3D39400AD023C /* AppXPCCommunicator.swift */ = {isa = PBXFileReference; lastKnownFileType = sourcecode.swift; path = AppXPCCommunicator.swift; sourceTree = "<group>"; };
		E1880B962AA6111B001FC171 /* SettingsView.swift */ = {isa = PBXFileReference; lastKnownFileType = sourcecode.swift; path = SettingsView.swift; sourceTree = "<group>"; };
		E1880B982AA611D3001FC171 /* GeneralTabView.swift */ = {isa = PBXFileReference; lastKnownFileType = sourcecode.swift; path = GeneralTabView.swift; sourceTree = "<group>"; };
		E1880B9B2AA625D6001FC171 /* DeviceNameView.swift */ = {isa = PBXFileReference; lastKnownFileType = sourcecode.swift; path = DeviceNameView.swift; sourceTree = "<group>"; };
		E1880B9D2AA6294D001FC171 /* AppCheckbox.swift */ = {isa = PBXFileReference; lastKnownFileType = sourcecode.swift; path = AppCheckbox.swift; sourceTree = "<group>"; };
		E1880B9F2AA63215001FC171 /* StartOnLaunchView.swift */ = {isa = PBXFileReference; lastKnownFileType = sourcecode.swift; path = StartOnLaunchView.swift; sourceTree = "<group>"; };
		E1880BA12AA63CF2001FC171 /* AccountTabView.swift */ = {isa = PBXFileReference; lastKnownFileType = sourcecode.swift; path = AccountTabView.swift; sourceTree = "<group>"; };
		E1880BA32AA6973C001FC171 /* GlobalUIManager.swift */ = {isa = PBXFileReference; lastKnownFileType = sourcecode.swift; path = GlobalUIManager.swift; sourceTree = "<group>"; };
		E19136902AA0FB4C00CAF0FA /* en */ = {isa = PBXFileReference; lastKnownFileType = text.plist.strings; name = en; path = en.lproj/Localizable.strings; sourceTree = "<group>"; };
		E19136932AA101DE00CAF0FA /* WidgetIconButtonView.swift */ = {isa = PBXFileReference; lastKnownFileType = sourcecode.swift; path = WidgetIconButtonView.swift; sourceTree = "<group>"; };
		E19136952AA108D200CAF0FA /* View.swift */ = {isa = PBXFileReference; lastKnownFileType = sourcecode.swift; path = View.swift; sourceTree = "<group>"; };
		E1ADD03F2AA7229600D95694 /* AppAvatar.swift */ = {isa = PBXFileReference; lastKnownFileType = sourcecode.swift; path = AppAvatar.swift; sourceTree = "<group>"; };
		E1ADD0412AA7272100D95694 /* AccountUsageView.swift */ = {isa = PBXFileReference; lastKnownFileType = sourcecode.swift; path = AccountUsageView.swift; sourceTree = "<group>"; };
		E1ADD0432AA7367800D95694 /* UsageManager.swift */ = {isa = PBXFileReference; lastKnownFileType = sourcecode.swift; path = UsageManager.swift; sourceTree = "<group>"; };
		E1ADD04B2AA7EF0F00D95694 /* AppSelectOption.swift */ = {isa = PBXFileReference; lastKnownFileType = sourcecode.swift; path = AppSelectOption.swift; sourceTree = "<group>"; };
		E1CC52092A97DE85009DEEAA /* DeleteFileOrFolderUseCase.swift */ = {isa = PBXFileReference; lastKnownFileType = sourcecode.swift; path = DeleteFileOrFolderUseCase.swift; sourceTree = "<group>"; };
		E1CC520B2A98B460009DEEAA /* Bundle.swift */ = {isa = PBXFileReference; lastKnownFileType = sourcecode.swift; path = Bundle.swift; sourceTree = "<group>"; };
		E1CC52142AA0A676009DEEAA /* Phosphor.ttf */ = {isa = PBXFileReference; lastKnownFileType = file; path = Phosphor.ttf; sourceTree = "<group>"; };
		E1CC52192AA0A695009DEEAA /* AppIcon.swift */ = {isa = PBXFileReference; lastKnownFileType = sourcecode.swift; path = AppIcon.swift; sourceTree = "<group>"; };
		E1CC521B2AA0A884009DEEAA /* String.swift */ = {isa = PBXFileReference; lastKnownFileType = sourcecode.swift; path = String.swift; sourceTree = "<group>"; };
		E1CC52202AA0B4FE009DEEAA /* Icons.xcassets */ = {isa = PBXFileReference; lastKnownFileType = folder.assetcatalog; path = Icons.xcassets; sourceTree = "<group>"; };
		E1DB29532A7D56C4009036B8 /* AppTextInput.swift */ = {isa = PBXFileReference; lastKnownFileType = sourcecode.swift; path = AppTextInput.swift; sourceTree = "<group>"; };
		E1DB29552A7D5CD5009036B8 /* env.local.json */ = {isa = PBXFileReference; lastKnownFileType = text.json; path = env.local.json; sourceTree = "<group>"; };
		E1DB29582A7D5D86009036B8 /* ConfigLoader.swift */ = {isa = PBXFileReference; lastKnownFileType = sourcecode.swift; path = ConfigLoader.swift; sourceTree = "<group>"; };
		E1DB295C2A7D64AB009036B8 /* WidgetHeaderView.swift */ = {isa = PBXFileReference; lastKnownFileType = sourcecode.swift; path = WidgetHeaderView.swift; sourceTree = "<group>"; };
		E1DB295E2A7D6A03009036B8 /* WidgetView.swift */ = {isa = PBXFileReference; lastKnownFileType = sourcecode.swift; path = WidgetView.swift; sourceTree = "<group>"; };
		E1DB29602A7D6B80009036B8 /* WidgetContentView.swift */ = {isa = PBXFileReference; lastKnownFileType = sourcecode.swift; path = WidgetContentView.swift; sourceTree = "<group>"; };
		E1DB29622A7D6BA5009036B8 /* WidgetFooterView.swift */ = {isa = PBXFileReference; lastKnownFileType = sourcecode.swift; path = WidgetFooterView.swift; sourceTree = "<group>"; };
		E1F616062A8D7DF8008C9E62 /* SignInWithBrowserView.swift */ = {isa = PBXFileReference; lastKnownFileType = sourcecode.swift; path = SignInWithBrowserView.swift; sourceTree = "<group>"; };
		E1F616082A8D7E6F008C9E62 /* AppButton.swift */ = {isa = PBXFileReference; lastKnownFileType = sourcecode.swift; path = AppButton.swift; sourceTree = "<group>"; };
		E1FB2D242A76BF0200473AE1 /* Internxt Drive.app */ = {isa = PBXFileReference; explicitFileType = wrapper.application; includeInIndex = 0; path = "Internxt Drive.app"; sourceTree = BUILT_PRODUCTS_DIR; };
		E1FB2D292A76BF0200473AE1 /* ContentView.swift */ = {isa = PBXFileReference; lastKnownFileType = sourcecode.swift; path = ContentView.swift; sourceTree = "<group>"; };
		E1FB2D2B2A76BF0300473AE1 /* Assets.xcassets */ = {isa = PBXFileReference; lastKnownFileType = folder.assetcatalog; path = Assets.xcassets; sourceTree = "<group>"; };
		E1FB2D2E2A76BF0300473AE1 /* Preview Assets.xcassets */ = {isa = PBXFileReference; lastKnownFileType = folder.assetcatalog; path = "Preview Assets.xcassets"; sourceTree = "<group>"; };
		E1FB2D302A76BF0300473AE1 /* InternxtDesktop.entitlements */ = {isa = PBXFileReference; lastKnownFileType = text.plist.entitlements; path = InternxtDesktop.entitlements; sourceTree = "<group>"; };
		E1FB2D352A76BF0300473AE1 /* InternxtDesktopTests.xctest */ = {isa = PBXFileReference; explicitFileType = wrapper.cfbundle; includeInIndex = 0; path = InternxtDesktopTests.xctest; sourceTree = BUILT_PRODUCTS_DIR; };
		E1FB2D392A76BF0300473AE1 /* InternxtDesktopTests.swift */ = {isa = PBXFileReference; lastKnownFileType = sourcecode.swift; path = InternxtDesktopTests.swift; sourceTree = "<group>"; };
		E1FB2D3F2A76BF0300473AE1 /* InternxtDesktopUITests.xctest */ = {isa = PBXFileReference; explicitFileType = wrapper.cfbundle; includeInIndex = 0; path = InternxtDesktopUITests.xctest; sourceTree = BUILT_PRODUCTS_DIR; };
		E1FB2D432A76BF0300473AE1 /* InternxtDesktopUITests.swift */ = {isa = PBXFileReference; lastKnownFileType = sourcecode.swift; path = InternxtDesktopUITests.swift; sourceTree = "<group>"; };
		E1FB2D452A76BF0300473AE1 /* InternxtDesktopUITestsLaunchTests.swift */ = {isa = PBXFileReference; lastKnownFileType = sourcecode.swift; path = InternxtDesktopUITestsLaunchTests.swift; sourceTree = "<group>"; };
		E1FB2D6C2A76C3EC00473AE1 /* UniformTypeIdentifiers.framework */ = {isa = PBXFileReference; lastKnownFileType = wrapper.framework; name = UniformTypeIdentifiers.framework; path = System/Library/Frameworks/UniformTypeIdentifiers.framework; sourceTree = SDKROOT; };
		E1FB2D812A76C48600473AE1 /* SyncExtension.appex */ = {isa = PBXFileReference; explicitFileType = "wrapper.app-extension"; includeInIndex = 0; path = SyncExtension.appex; sourceTree = BUILT_PRODUCTS_DIR; };
		E1FB2D842A76C48600473AE1 /* FileProviderExtension.swift */ = {isa = PBXFileReference; lastKnownFileType = sourcecode.swift; path = FileProviderExtension.swift; sourceTree = "<group>"; };
		E1FB2D862A76C48600473AE1 /* FileProviderItem.swift */ = {isa = PBXFileReference; lastKnownFileType = sourcecode.swift; path = FileProviderItem.swift; sourceTree = "<group>"; };
		E1FB2D882A76C48600473AE1 /* FileProviderEnumerator.swift */ = {isa = PBXFileReference; lastKnownFileType = sourcecode.swift; path = FileProviderEnumerator.swift; sourceTree = "<group>"; };
		E1FB2D8A2A76C48600473AE1 /* Info.plist */ = {isa = PBXFileReference; lastKnownFileType = text.plist.xml; path = Info.plist; sourceTree = "<group>"; };
		E1FB2D8B2A76C48600473AE1 /* SyncExtension.entitlements */ = {isa = PBXFileReference; lastKnownFileType = text.plist.entitlements; path = SyncExtension.entitlements; sourceTree = "<group>"; };
		E1FB2D922A76C6EE00473AE1 /* AppDelegate.swift */ = {isa = PBXFileReference; lastKnownFileType = sourcecode.swift; path = AppDelegate.swift; sourceTree = "<group>"; };
		E1FB2D942A76D01B00473AE1 /* Info.plist */ = {isa = PBXFileReference; fileEncoding = 4; lastKnownFileType = text.plist.xml; path = Info.plist; sourceTree = "<group>"; };
/* End PBXFileReference section */

/* Begin PBXFrameworksBuildPhase section */
		E18300B22AA3CFCF00AD023C /* Frameworks */ = {
			isa = PBXFrameworksBuildPhase;
			buildActionMask = 2147483647;
			files = (
				E18300CB2AA3D0EC00AD023C /* SwiftyXPC in Frameworks */,
			);
			runOnlyForDeploymentPostprocessing = 0;
		};
		E1FB2D212A76BF0200473AE1 /* Frameworks */ = {
			isa = PBXFrameworksBuildPhase;
			buildActionMask = 2147483647;
			files = (
				E150884E2A7C55F20089BD57 /* InternxtSwiftCore in Frameworks */,
				E1313D2F2A9501BB00C7ABF0 /* Sentry in Frameworks */,
				E1ADD03E2AA6ABE700D95694 /* LaunchAtLogin in Frameworks */,
				E18300C92AA3D0BE00AD023C /* SwiftyXPC in Frameworks */,
			);
			runOnlyForDeploymentPostprocessing = 0;
		};
		E1FB2D322A76BF0300473AE1 /* Frameworks */ = {
			isa = PBXFrameworksBuildPhase;
			buildActionMask = 2147483647;
			files = (
			);
			runOnlyForDeploymentPostprocessing = 0;
		};
		E1FB2D3C2A76BF0300473AE1 /* Frameworks */ = {
			isa = PBXFrameworksBuildPhase;
			buildActionMask = 2147483647;
			files = (
			);
			runOnlyForDeploymentPostprocessing = 0;
		};
		E1FB2D7E2A76C48600473AE1 /* Frameworks */ = {
			isa = PBXFrameworksBuildPhase;
			buildActionMask = 2147483647;
			files = (
				E1FB2D822A76C48600473AE1 /* UniformTypeIdentifiers.framework in Frameworks */,
				E1312A4F2A7FE01E000EAA43 /* InternxtSwiftCore in Frameworks */,
				E18300D52AA3FEFC00AD023C /* SwiftyXPC in Frameworks */,
				E1313D3B2A9504D400C7ABF0 /* Sentry in Frameworks */,
			);
			runOnlyForDeploymentPostprocessing = 0;
		};
/* End PBXFrameworksBuildPhase section */

/* Begin PBXGroup section */
		E109717A2A81133C00ABED41 /* UseCases */ = {
			isa = PBXGroup;
			children = (
				E1581DD82A9654770051DD46 /* All */,
				E145E17E2A83A28A00B07E0B /* Files */,
				E145E17D2A83A28100B07E0B /* Folders */,
			);
			path = UseCases;
			sourceTree = "<group>";
		};
		E109717D2A81142600ABED41 /* Utils */ = {
			isa = PBXGroup;
			children = (
				E109717E2A81143A00ABED41 /* APIFactory.swift */,
				E16ECC132A9508B10093D3ED /* ErrorUtils.swift */,
			);
			path = Utils;
			sourceTree = "<group>";
		};
		E10B0FDB2A94142A00B97874 /* Extensions */ = {
			isa = PBXGroup;
			children = (
				E10B0FDC2A94143F00B97874 /* Int.swift */,
				E1581DD32A9629790051DD46 /* Error.swift */,
				E1CC520B2A98B460009DEEAA /* Bundle.swift */,
				E1CC521B2AA0A884009DEEAA /* String.swift */,
				E19136952AA108D200CAF0FA /* View.swift */,
			);
			path = Extensions;
			sourceTree = "<group>";
		};
		E145E17D2A83A28100B07E0B /* Folders */ = {
			isa = PBXGroup;
			children = (
				E109717B2A81135F00ABED41 /* EnumerateFolderItemsUseCase.swift */,
				E145E1792A839DBF00B07E0B /* GetFolderMetaUseCase.swift */,
				E145E17B2A83A1DA00B07E0B /* RenameFolderUseCase.swift */,
				E10971802A827A9500ABED41 /* CreateFolderUseCase.swift */,
				E145E16E2A82ABEB00B07E0B /* TrashFolderUseCase.swift */,
				E1581DDD2A9678000051DD46 /* MoveFolderUseCase.swift */,
			);
			path = Folders;
			sourceTree = "<group>";
		};
		E145E17E2A83A28A00B07E0B /* Files */ = {
			isa = PBXGroup;
			children = (
				E145E1702A82C6C000B07E0B /* TrashFileUseCase.swift */,
				E145E17F2A85235A00B07E0B /* CreateFileUseCase.swift */,
				E1581DCC2A9531B10051DD46 /* RenameFileUseCase.swift */,
				E1581DDB2A9672910051DD46 /* MoveFileUseCase.swift */,
				E1581DDF2A96835F0051DD46 /* FetchFileContentUseCase.swift */,
			);
			path = Files;
			sourceTree = "<group>";
		};
		E1581DC82A95220B0051DD46 /* Errors */ = {
			isa = PBXGroup;
			children = (
				E1581DC92A95221D0051DD46 /* FileProvider.swift */,
				E1581DCE2A9629620051DD46 /* Generic.swift */,
			);
			path = Errors;
			sourceTree = "<group>";
		};
		E1581DD82A9654770051DD46 /* All */ = {
			isa = PBXGroup;
			children = (
				E1581DD92A9654930051DD46 /* GetFileOrFolderMetaUseCase.swift */,
				E1CC52092A97DE85009DEEAA /* DeleteFileOrFolderUseCase.swift */,
			);
			path = All;
			sourceTree = "<group>";
		};
		E163105D2A8F8A570072989E /* Shared */ = {
			isa = PBXGroup;
			children = (
				E18300D12AA3F95F00AD023C /* AppXPCCommunicator */,
				E1581DC82A95220B0051DD46 /* Errors */,
				E10B0FDB2A94142A00B97874 /* Extensions */,
				E1DB29582A7D5D86009036B8 /* ConfigLoader.swift */,
				E145E16B2A82A21500B07E0B /* Time.swift */,
				E109717D2A81142600ABED41 /* Utils */,
				E163105E2A8F8A610072989E /* Fonts */,
				E19136912AA0FB4C00CAF0FA /* Localizable.strings */,
			);
			path = Shared;
			sourceTree = "<group>";
		};
		E163105E2A8F8A610072989E /* Fonts */ = {
			isa = PBXGroup;
			children = (
				E18300AB2AA21E7200AD023C /* InstrumentSans-Medium.ttf */,
				E18300A92AA21E3600AD023C /* InstrumentSans-Bold.ttf */,
				E18300A62AA21E1B00AD023C /* InstrumentSans-Regular.ttf */,
				E18300A52AA21E1B00AD023C /* InstrumentSans-SemiBold.ttf */,
				E1CC52142AA0A676009DEEAA /* Phosphor.ttf */,
			);
			path = Fonts;
			sourceTree = "<group>";
		};
		E17AA0222A8A70C100C7EE6E /* Auth */ = {
			isa = PBXGroup;
			children = (
				E17AA0232A8A70CE00C7EE6E /* AuthManager.swift */,
			);
			path = Auth;
			sourceTree = "<group>";
		};
		E18300B62AA3CFCF00AD023C /* XPCService */ = {
			isa = PBXGroup;
			children = (
				E18300BB2AA3CFCF00AD023C /* XPCService.swift */,
				E18300BD2AA3CFCF00AD023C /* Info.plist */,
				E18300BE2AA3CFCF00AD023C /* XPCService.entitlements */,
			);
			path = XPCService;
			sourceTree = "<group>";
		};
		E18300D12AA3F95F00AD023C /* AppXPCCommunicator */ = {
			isa = PBXGroup;
			children = (
				E18300CC2AA3D17500AD023C /* CommandSet.swift */,
				E18300CE2AA3D39400AD023C /* AppXPCCommunicator.swift */,
			);
			path = AppXPCCommunicator;
			sourceTree = "<group>";
		};
		E1880B952AA610F1001FC171 /* Settings */ = {
			isa = PBXGroup;
			children = (
				E1880B962AA6111B001FC171 /* SettingsView.swift */,
				E1880B982AA611D3001FC171 /* GeneralTabView.swift */,
				E1880B9B2AA625D6001FC171 /* DeviceNameView.swift */,
				E1880B9F2AA63215001FC171 /* StartOnLaunchView.swift */,
				E1880BA12AA63CF2001FC171 /* AccountTabView.swift */,
				E1ADD0412AA7272100D95694 /* AccountUsageView.swift */,
			);
			path = Settings;
			sourceTree = "<group>";
		};
		E1DB29522A7D5695009036B8 /* UIKit */ = {
			isa = PBXGroup;
			children = (
				E1DB29532A7D56C4009036B8 /* AppTextInput.swift */,
				E1F616082A8D7E6F008C9E62 /* AppButton.swift */,
				E163105B2A8E6C830072989E /* AppText.swift */,
				E1CC52192AA0A695009DEEAA /* AppIcon.swift */,
				E1880B9D2AA6294D001FC171 /* AppCheckbox.swift */,
				E1ADD03F2AA7229600D95694 /* AppAvatar.swift */,
				E1ADD04B2AA7EF0F00D95694 /* AppSelectOption.swift */,
			);
			path = UIKit;
			sourceTree = "<group>";
		};
		E1DB295B2A7D6424009036B8 /* Widget */ = {
			isa = PBXGroup;
			children = (
				E1DB295C2A7D64AB009036B8 /* WidgetHeaderView.swift */,
				E1DB295E2A7D6A03009036B8 /* WidgetView.swift */,
				E1DB29602A7D6B80009036B8 /* WidgetContentView.swift */,
				E1DB29622A7D6BA5009036B8 /* WidgetFooterView.swift */,
				E19136932AA101DE00CAF0FA /* WidgetIconButtonView.swift */,
				E18300A32AA1FC7700AD023C /* SettingsMenuView.swift */,
				E18300AD2AA230A600AD023C /* WidgetSyncEntryView.swift */,
			);
			path = Widget;
			sourceTree = "<group>";
		};
		E1F616052A8D7DD9008C9E62 /* Auth */ = {
			isa = PBXGroup;
			children = (
				E1F616062A8D7DF8008C9E62 /* SignInWithBrowserView.swift */,
			);
			path = Auth;
			sourceTree = "<group>";
		};
		E1FB2D1B2A76BF0200473AE1 = {
			isa = PBXGroup;
			children = (
				E163105D2A8F8A570072989E /* Shared */,
				E1FB2D262A76BF0200473AE1 /* InternxtDesktop */,
				E1FB2D382A76BF0300473AE1 /* InternxtDesktopTests */,
				E1FB2D422A76BF0300473AE1 /* InternxtDesktopUITests */,
				E1FB2D832A76C48600473AE1 /* SyncExtension */,
				E18300B62AA3CFCF00AD023C /* XPCService */,
				E1FB2D6B2A76C3EC00473AE1 /* Frameworks */,
				E1FB2D252A76BF0200473AE1 /* Products */,
			);
			sourceTree = "<group>";
		};
		E1FB2D252A76BF0200473AE1 /* Products */ = {
			isa = PBXGroup;
			children = (
				E1FB2D242A76BF0200473AE1 /* Internxt Drive.app */,
				E1FB2D352A76BF0300473AE1 /* InternxtDesktopTests.xctest */,
				E1FB2D3F2A76BF0300473AE1 /* InternxtDesktopUITests.xctest */,
				E1FB2D812A76C48600473AE1 /* SyncExtension.appex */,
				E18300B52AA3CFCF00AD023C /* XPCService.xpc */,
			);
			name = Products;
			sourceTree = "<group>";
		};
		E1FB2D262A76BF0200473AE1 /* InternxtDesktop */ = {
			isa = PBXGroup;
			children = (
				E17499222A94F425002ABF65 /* InternxtDesktopDebug.entitlements */,
				E1FB2D942A76D01B00473AE1 /* Info.plist */,
				E1FB2D542A76C03300473AE1 /* Views */,
				E1FB2D532A76C02500473AE1 /* Utils */,
				E1FB2D522A76C01B00473AE1 /* Services */,
				E1FB2D292A76BF0200473AE1 /* ContentView.swift */,
				E1FB2D2B2A76BF0300473AE1 /* Assets.xcassets */,
				E1FB2D302A76BF0300473AE1 /* InternxtDesktop.entitlements */,
				E1FB2D2D2A76BF0300473AE1 /* Preview Content */,
				E1FB2D922A76C6EE00473AE1 /* AppDelegate.swift */,
				E112933E2A77221A003DEADF /* Colors.xcassets */,
				E1DB29552A7D5CD5009036B8 /* env.local.json */,
				E145E1692A829C6B00B07E0B /* env.sample.json */,
				E16310592A8E67780072989E /* App.swift */,
				E1CC52202AA0B4FE009DEEAA /* Icons.xcassets */,
			);
			path = InternxtDesktop;
			sourceTree = "<group>";
		};
		E1FB2D2D2A76BF0300473AE1 /* Preview Content */ = {
			isa = PBXGroup;
			children = (
				E1FB2D2E2A76BF0300473AE1 /* Preview Assets.xcassets */,
			);
			path = "Preview Content";
			sourceTree = "<group>";
		};
		E1FB2D382A76BF0300473AE1 /* InternxtDesktopTests */ = {
			isa = PBXGroup;
			children = (
				E1FB2D392A76BF0300473AE1 /* InternxtDesktopTests.swift */,
			);
			path = InternxtDesktopTests;
			sourceTree = "<group>";
		};
		E1FB2D422A76BF0300473AE1 /* InternxtDesktopUITests */ = {
			isa = PBXGroup;
			children = (
				E1FB2D432A76BF0300473AE1 /* InternxtDesktopUITests.swift */,
				E1FB2D452A76BF0300473AE1 /* InternxtDesktopUITestsLaunchTests.swift */,
			);
			path = InternxtDesktopUITests;
			sourceTree = "<group>";
		};
		E1FB2D522A76C01B00473AE1 /* Services */ = {
			isa = PBXGroup;
			children = (
				E17AA0222A8A70C100C7EE6E /* Auth */,
				E16310562A8E66F70072989E /* URLDictionary.swift */,
				E18300A12AA161ED00AD023C /* DomainManager.swift */,
				E1880BA32AA6973C001FC171 /* GlobalUIManager.swift */,
				E1ADD0432AA7367800D95694 /* UsageManager.swift */,
			);
			path = Services;
			sourceTree = "<group>";
		};
		E1FB2D532A76C02500473AE1 /* Utils */ = {
			isa = PBXGroup;
			children = (
				E18300AF2AA2395100AD023C /* FileExtension.swift */,
			);
			path = Utils;
			sourceTree = "<group>";
		};
		E1FB2D542A76C03300473AE1 /* Views */ = {
			isa = PBXGroup;
			children = (
				E1880B952AA610F1001FC171 /* Settings */,
				E1F616052A8D7DD9008C9E62 /* Auth */,
				E1DB295B2A7D6424009036B8 /* Widget */,
				E1DB29522A7D5695009036B8 /* UIKit */,
			);
			path = Views;
			sourceTree = "<group>";
		};
		E1FB2D6B2A76C3EC00473AE1 /* Frameworks */ = {
			isa = PBXGroup;
			children = (
				E1FB2D6C2A76C3EC00473AE1 /* UniformTypeIdentifiers.framework */,
			);
			name = Frameworks;
			sourceTree = "<group>";
		};
		E1FB2D832A76C48600473AE1 /* SyncExtension */ = {
			isa = PBXGroup;
			children = (
				E109717A2A81133C00ABED41 /* UseCases */,
				E1FB2D842A76C48600473AE1 /* FileProviderExtension.swift */,
				E1FB2D862A76C48600473AE1 /* FileProviderItem.swift */,
				E1FB2D882A76C48600473AE1 /* FileProviderEnumerator.swift */,
				E1FB2D8A2A76C48600473AE1 /* Info.plist */,
				E1FB2D8B2A76C48600473AE1 /* SyncExtension.entitlements */,
				E17AA02D2A8A826D00C7EE6E /* ExtensionAssets.xcassets */,
			);
			path = SyncExtension;
			sourceTree = "<group>";
		};
/* End PBXGroup section */

/* Begin PBXNativeTarget section */
		E18300B42AA3CFCF00AD023C /* XPCService */ = {
			isa = PBXNativeTarget;
			buildConfigurationList = E18300C22AA3CFCF00AD023C /* Build configuration list for PBXNativeTarget "XPCService" */;
			buildPhases = (
				E18300B12AA3CFCF00AD023C /* Sources */,
				E18300B22AA3CFCF00AD023C /* Frameworks */,
				E18300B32AA3CFCF00AD023C /* Resources */,
				E1880B8D2AA4114D001FC171 /* ShellScript */,
			);
			buildRules = (
			);
			dependencies = (
			);
			name = XPCService;
			packageProductDependencies = (
				E18300CA2AA3D0EC00AD023C /* SwiftyXPC */,
			);
			productName = XPCService;
			productReference = E18300B52AA3CFCF00AD023C /* XPCService.xpc */;
			productType = "com.apple.product-type.xpc-service";
		};
		E1FB2D232A76BF0200473AE1 /* InternxtDesktop */ = {
			isa = PBXNativeTarget;
			buildConfigurationList = E1FB2D492A76BF0300473AE1 /* Build configuration list for PBXNativeTarget "InternxtDesktop" */;
			buildPhases = (
				E1FB2D202A76BF0200473AE1 /* Sources */,
				E1FB2D212A76BF0200473AE1 /* Frameworks */,
				E1FB2D222A76BF0200473AE1 /* Resources */,
				E1FB2D652A76C2AE00473AE1 /* Embed Foundation Extensions */,
				E1581DC72A95143F0051DD46 /* Run Script */,
				E18300C62AA3CFCF00AD023C /* Embed XPC Services */,
				E1ADD04D2AA8BAC200D95694 /* ShellScript */,
			);
			buildRules = (
			);
			dependencies = (
				E1FB2D8D2A76C48600473AE1 /* PBXTargetDependency */,
				E18300C02AA3CFCF00AD023C /* PBXTargetDependency */,
			);
			name = InternxtDesktop;
			packageProductDependencies = (
				E150884D2A7C55F20089BD57 /* InternxtSwiftCore */,
				E1313D2E2A9501BB00C7ABF0 /* Sentry */,
				E18300C82AA3D0BE00AD023C /* SwiftyXPC */,
				E1ADD03D2AA6ABE700D95694 /* LaunchAtLogin */,
			);
			productName = InternxtDesktop;
			productReference = E1FB2D242A76BF0200473AE1 /* Internxt Drive.app */;
			productType = "com.apple.product-type.application";
		};
		E1FB2D342A76BF0300473AE1 /* InternxtDesktopTests */ = {
			isa = PBXNativeTarget;
			buildConfigurationList = E1FB2D4C2A76BF0300473AE1 /* Build configuration list for PBXNativeTarget "InternxtDesktopTests" */;
			buildPhases = (
				E1FB2D312A76BF0300473AE1 /* Sources */,
				E1FB2D322A76BF0300473AE1 /* Frameworks */,
				E1FB2D332A76BF0300473AE1 /* Resources */,
			);
			buildRules = (
			);
			dependencies = (
				E1FB2D372A76BF0300473AE1 /* PBXTargetDependency */,
			);
			name = InternxtDesktopTests;
			productName = InternxtDesktopTests;
			productReference = E1FB2D352A76BF0300473AE1 /* InternxtDesktopTests.xctest */;
			productType = "com.apple.product-type.bundle.unit-test";
		};
		E1FB2D3E2A76BF0300473AE1 /* InternxtDesktopUITests */ = {
			isa = PBXNativeTarget;
			buildConfigurationList = E1FB2D4F2A76BF0300473AE1 /* Build configuration list for PBXNativeTarget "InternxtDesktopUITests" */;
			buildPhases = (
				E1FB2D3B2A76BF0300473AE1 /* Sources */,
				E1FB2D3C2A76BF0300473AE1 /* Frameworks */,
				E1FB2D3D2A76BF0300473AE1 /* Resources */,
			);
			buildRules = (
			);
			dependencies = (
				E1FB2D412A76BF0300473AE1 /* PBXTargetDependency */,
			);
			name = InternxtDesktopUITests;
			productName = InternxtDesktopUITests;
			productReference = E1FB2D3F2A76BF0300473AE1 /* InternxtDesktopUITests.xctest */;
			productType = "com.apple.product-type.bundle.ui-testing";
		};
		E1FB2D802A76C48600473AE1 /* SyncExtension */ = {
			isa = PBXNativeTarget;
			buildConfigurationList = E1FB2D8F2A76C48600473AE1 /* Build configuration list for PBXNativeTarget "SyncExtension" */;
			buildPhases = (
				E1FB2D7D2A76C48600473AE1 /* Sources */,
				E1FB2D7E2A76C48600473AE1 /* Frameworks */,
				E1FB2D7F2A76C48600473AE1 /* Resources */,
			);
			buildRules = (
			);
			dependencies = (
			);
			name = SyncExtension;
			packageProductDependencies = (
				E1312A4E2A7FE01E000EAA43 /* InternxtSwiftCore */,
				E1313D3A2A9504D400C7ABF0 /* Sentry */,
				E18300D42AA3FEFC00AD023C /* SwiftyXPC */,
			);
			productName = SyncExtension;
			productReference = E1FB2D812A76C48600473AE1 /* SyncExtension.appex */;
			productType = "com.apple.product-type.app-extension";
		};
/* End PBXNativeTarget section */

/* Begin PBXProject section */
		E1FB2D1C2A76BF0200473AE1 /* Project object */ = {
			isa = PBXProject;
			attributes = {
				BuildIndependentTargetsInParallel = 1;
				LastSwiftUpdateCheck = 1430;
				LastUpgradeCheck = 1430;
				TargetAttributes = {
					E18300B42AA3CFCF00AD023C = {
						CreatedOnToolsVersion = 14.3.1;
					};
					E1FB2D232A76BF0200473AE1 = {
						CreatedOnToolsVersion = 14.3.1;
					};
					E1FB2D342A76BF0300473AE1 = {
						CreatedOnToolsVersion = 14.3.1;
						TestTargetID = E1FB2D232A76BF0200473AE1;
					};
					E1FB2D3E2A76BF0300473AE1 = {
						CreatedOnToolsVersion = 14.3.1;
						TestTargetID = E1FB2D232A76BF0200473AE1;
					};
					E1FB2D802A76C48600473AE1 = {
						CreatedOnToolsVersion = 14.3.1;
					};
				};
			};
			buildConfigurationList = E1FB2D1F2A76BF0200473AE1 /* Build configuration list for PBXProject "InternxtDesktop" */;
			compatibilityVersion = "Xcode 14.0";
			developmentRegion = en;
			hasScannedForEncodings = 0;
			knownRegions = (
				en,
				Base,
			);
			mainGroup = E1FB2D1B2A76BF0200473AE1;
			packageReferences = (
				E150884C2A7C55F20089BD57 /* XCRemoteSwiftPackageReference "swift-core" */,
				E1313D2D2A9501BB00C7ABF0 /* XCRemoteSwiftPackageReference "sentry-cocoa" */,
				E18300C72AA3D0BE00AD023C /* XCRemoteSwiftPackageReference "SwiftyXPC" */,
				E1ADD03C2AA6ABE700D95694 /* XCRemoteSwiftPackageReference "LaunchAtLogin" */,
			);
			productRefGroup = E1FB2D252A76BF0200473AE1 /* Products */;
			projectDirPath = "";
			projectRoot = "";
			targets = (
				E1FB2D232A76BF0200473AE1 /* InternxtDesktop */,
				E1FB2D342A76BF0300473AE1 /* InternxtDesktopTests */,
				E1FB2D3E2A76BF0300473AE1 /* InternxtDesktopUITests */,
				E1FB2D802A76C48600473AE1 /* SyncExtension */,
				E18300B42AA3CFCF00AD023C /* XPCService */,
			);
		};
/* End PBXProject section */

/* Begin PBXResourcesBuildPhase section */
		E18300B32AA3CFCF00AD023C /* Resources */ = {
			isa = PBXResourcesBuildPhase;
			buildActionMask = 2147483647;
			files = (
			);
			runOnlyForDeploymentPostprocessing = 0;
		};
		E1FB2D222A76BF0200473AE1 /* Resources */ = {
			isa = PBXResourcesBuildPhase;
			buildActionMask = 2147483647;
			files = (
				E145E16A2A829C6B00B07E0B /* env.sample.json in Resources */,
				E18300AC2AA21E7200AD023C /* InstrumentSans-Medium.ttf in Resources */,
				E191368C2AA0FB4C00CAF0FA /* Localizable.strings in Resources */,
				E1FB2D2F2A76BF0300473AE1 /* Preview Assets.xcassets in Resources */,
				E112933F2A77221A003DEADF /* Colors.xcassets in Resources */,
				E1FB2D2C2A76BF0300473AE1 /* Assets.xcassets in Resources */,
				E1CC52152AA0A676009DEEAA /* Phosphor.ttf in Resources */,
				E18300A72AA21E1B00AD023C /* InstrumentSans-SemiBold.ttf in Resources */,
				E18300A82AA21E1B00AD023C /* InstrumentSans-Regular.ttf in Resources */,
				E1DB29562A7D5CD5009036B8 /* env.local.json in Resources */,
				E18300AA2AA21E3600AD023C /* InstrumentSans-Bold.ttf in Resources */,
				E1CC52212AA0B4FE009DEEAA /* Icons.xcassets in Resources */,
			);
			runOnlyForDeploymentPostprocessing = 0;
		};
		E1FB2D332A76BF0300473AE1 /* Resources */ = {
			isa = PBXResourcesBuildPhase;
			buildActionMask = 2147483647;
			files = (
				E1CC52162AA0A676009DEEAA /* Phosphor.ttf in Resources */,
				E191368D2AA0FB4C00CAF0FA /* Localizable.strings in Resources */,
			);
			runOnlyForDeploymentPostprocessing = 0;
		};
		E1FB2D3D2A76BF0300473AE1 /* Resources */ = {
			isa = PBXResourcesBuildPhase;
			buildActionMask = 2147483647;
			files = (
				E1CC52172AA0A676009DEEAA /* Phosphor.ttf in Resources */,
				E191368E2AA0FB4C00CAF0FA /* Localizable.strings in Resources */,
			);
			runOnlyForDeploymentPostprocessing = 0;
		};
		E1FB2D7F2A76C48600473AE1 /* Resources */ = {
			isa = PBXResourcesBuildPhase;
			buildActionMask = 2147483647;
			files = (
				E1CC52182AA0A676009DEEAA /* Phosphor.ttf in Resources */,
				E191368F2AA0FB4C00CAF0FA /* Localizable.strings in Resources */,
				E17AA02E2A8A826D00C7EE6E /* ExtensionAssets.xcassets in Resources */,
				E1DB29572A7D5CD5009036B8 /* env.local.json in Resources */,
			);
			runOnlyForDeploymentPostprocessing = 0;
		};
/* End PBXResourcesBuildPhase section */

/* Begin PBXShellScriptBuildPhase section */
		E1581DC72A95143F0051DD46 /* Run Script */ = {
			isa = PBXShellScriptBuildPhase;
			buildActionMask = 2147483647;
			files = (
			);
			inputFileListPaths = (
			);
			inputPaths = (
				"${DWARF_DSYM_FOLDER_PATH}/${DWARF_DSYM_FILE_NAME}/Contents/Resources/DWARF/${TARGET_NAME}",
			);
			name = "Run Script";
			outputFileListPaths = (
			);
			outputPaths = (
			);
			runOnlyForDeploymentPostprocessing = 0;
			shellPath = /bin/sh;
			shellScript = "if [ \"${CONFIGURATION}\" != \"Debug\" ]; then\n    # We should handle this better in a CI environment, this is a temporary solution\n    # until we automatize this task\n    source ~/.zshrc\n    export SENTRY_ORG=internxt-e56c74f0b\n    export SENTRY_PROJECT=desktop-macos\n    sentry-cli debug-files upload --include-sources \"$DWARF_DSYM_FOLDER_PATH\"\n    echo \"Debug files uploaded to Sentry\"\nfi\n";
		};
		E1880B8D2AA4114D001FC171 /* ShellScript */ = {
			isa = PBXShellScriptBuildPhase;
			buildActionMask = 2147483647;
			files = (
			);
			inputFileListPaths = (
			);
			inputPaths = (
			);
			outputFileListPaths = (
			);
			outputPaths = (
			);
			runOnlyForDeploymentPostprocessing = 0;
			shellPath = /bin/sh;
			shellScript = "# Type a script or drag a script file from your workspace to insert its path.\necho \"Running\"\necho $CONFIGURATION_BUILD_DIR\n";
		};
		E1ADD04D2AA8BAC200D95694 /* ShellScript */ = {
			isa = PBXShellScriptBuildPhase;
			alwaysOutOfDate = 1;
			buildActionMask = 2147483647;
			files = (
			);
			inputFileListPaths = (
			);
			inputPaths = (
			);
			outputFileListPaths = (
			);
			outputPaths = (
			);
			runOnlyForDeploymentPostprocessing = 0;
			shellPath = /bin/sh;
			shellScript = "# Type a script or drag a script file from your workspace to insert its path.\n\"${BUILT_PRODUCTS_DIR}/LaunchAtLogin_LaunchAtLogin.bundle/Contents/Resources/copy-helper-swiftpm.sh\"\n";
		};
/* End PBXShellScriptBuildPhase section */

/* Begin PBXSourcesBuildPhase section */
		E18300B12AA3CFCF00AD023C /* Sources */ = {
			isa = PBXSourcesBuildPhase;
			buildActionMask = 2147483647;
			files = (
				E18300CD2AA3D17500AD023C /* CommandSet.swift in Sources */,
				E18300BC2AA3CFCF00AD023C /* XPCService.swift in Sources */,
			);
			runOnlyForDeploymentPostprocessing = 0;
		};
		E1FB2D202A76BF0200473AE1 /* Sources */ = {
			isa = PBXSourcesBuildPhase;
			buildActionMask = 2147483647;
			files = (
				E19136962AA108D200CAF0FA /* View.swift in Sources */,
				E18300A22AA161ED00AD023C /* DomainManager.swift in Sources */,
				E1DB295F2A7D6A03009036B8 /* WidgetView.swift in Sources */,
				E1DB295D2A7D64AB009036B8 /* WidgetHeaderView.swift in Sources */,
				E1581DCA2A95221D0051DD46 /* FileProvider.swift in Sources */,
				E1ADD04C2AA7EF0F00D95694 /* AppSelectOption.swift in Sources */,
				E163105C2A8E6C830072989E /* AppText.swift in Sources */,
				E1FB2D932A76C6EE00473AE1 /* AppDelegate.swift in Sources */,
				E1CC521C2AA0A884009DEEAA /* String.swift in Sources */,
				E1F616092A8D7E6F008C9E62 /* AppButton.swift in Sources */,
				E16310572A8E66F70072989E /* URLDictionary.swift in Sources */,
				E1ADD0402AA7229600D95694 /* AppAvatar.swift in Sources */,
				E19136942AA101DE00CAF0FA /* WidgetIconButtonView.swift in Sources */,
				E163105A2A8E67780072989E /* App.swift in Sources */,
				E1F616072A8D7DF8008C9E62 /* SignInWithBrowserView.swift in Sources */,
				E1ADD0422AA7272100D95694 /* AccountUsageView.swift in Sources */,
				E1880BA42AA6973C001FC171 /* GlobalUIManager.swift in Sources */,
				E16ECC142A9508B10093D3ED /* ErrorUtils.swift in Sources */,
				E1880BA22AA63CF2001FC171 /* AccountTabView.swift in Sources */,
				E1880B9C2AA625D6001FC171 /* DeviceNameView.swift in Sources */,
				E1FB2D2A2A76BF0200473AE1 /* ContentView.swift in Sources */,
				E18300A42AA1FC7700AD023C /* SettingsMenuView.swift in Sources */,
				E1DB29592A7D5D86009036B8 /* ConfigLoader.swift in Sources */,
				E1880B992AA611D3001FC171 /* GeneralTabView.swift in Sources */,
				E1DB29612A7D6B80009036B8 /* WidgetContentView.swift in Sources */,
				E1581DCF2A9629620051DD46 /* Generic.swift in Sources */,
				E145E16C2A82A21500B07E0B /* Time.swift in Sources */,
				E1DB29542A7D56C4009036B8 /* AppTextInput.swift in Sources */,
				E1880B972AA6111B001FC171 /* SettingsView.swift in Sources */,
				E18300B02AA2395100AD023C /* FileExtension.swift in Sources */,
				E18300D32AA3F97600AD023C /* CommandSet.swift in Sources */,
				E18300CF2AA3D39400AD023C /* AppXPCCommunicator.swift in Sources */,
				E16310952A8FAD3C0072989E /* APIFactory.swift in Sources */,
				E10B0FDD2A94143F00B97874 /* Int.swift in Sources */,
				E1CC521A2AA0A695009DEEAA /* AppIcon.swift in Sources */,
				E1DB29632A7D6BA5009036B8 /* WidgetFooterView.swift in Sources */,
				E18300AE2AA230A600AD023C /* WidgetSyncEntryView.swift in Sources */,
				E1880BA02AA63215001FC171 /* StartOnLaunchView.swift in Sources */,
				E1880B9E2AA6294D001FC171 /* AppCheckbox.swift in Sources */,
				E1CC520C2A98B460009DEEAA /* Bundle.swift in Sources */,
				E1ADD0442AA7367800D95694 /* UsageManager.swift in Sources */,
				E1581DD42A9629790051DD46 /* Error.swift in Sources */,
				E17AA0242A8A70CE00C7EE6E /* AuthManager.swift in Sources */,
			);
			runOnlyForDeploymentPostprocessing = 0;
		};
		E1FB2D312A76BF0300473AE1 /* Sources */ = {
			isa = PBXSourcesBuildPhase;
			buildActionMask = 2147483647;
			files = (
				E1CC521D2AA0A894009DEEAA /* String.swift in Sources */,
				E1581DD52A9629790051DD46 /* Error.swift in Sources */,
				E1581DD02A9629620051DD46 /* Generic.swift in Sources */,
				E1FB2D3A2A76BF0300473AE1 /* InternxtDesktopTests.swift in Sources */,
				E1CC520D2A98B460009DEEAA /* Bundle.swift in Sources */,
				E19136972AA108D200CAF0FA /* View.swift in Sources */,
				E10B0FDE2A94143F00B97874 /* Int.swift in Sources */,
			);
			runOnlyForDeploymentPostprocessing = 0;
		};
		E1FB2D3B2A76BF0300473AE1 /* Sources */ = {
			isa = PBXSourcesBuildPhase;
			buildActionMask = 2147483647;
			files = (
				E19136982AA108D200CAF0FA /* View.swift in Sources */,
				E10B0FDF2A94143F00B97874 /* Int.swift in Sources */,
				E1CC520E2A98B460009DEEAA /* Bundle.swift in Sources */,
				E1581DD12A9629620051DD46 /* Generic.swift in Sources */,
				E1FB2D442A76BF0300473AE1 /* InternxtDesktopUITests.swift in Sources */,
				E1CC521E2AA0A895009DEEAA /* String.swift in Sources */,
				E1581DD62A9629790051DD46 /* Error.swift in Sources */,
				E1FB2D462A76BF0300473AE1 /* InternxtDesktopUITestsLaunchTests.swift in Sources */,
			);
			runOnlyForDeploymentPostprocessing = 0;
		};
		E1FB2D7D2A76C48600473AE1 /* Sources */ = {
			isa = PBXSourcesBuildPhase;
			buildActionMask = 2147483647;
			files = (
				E18300D02AA3D39400AD023C /* AppXPCCommunicator.swift in Sources */,
				E16310582A8E66F70072989E /* URLDictionary.swift in Sources */,
				E1FB2D852A76C48600473AE1 /* FileProviderExtension.swift in Sources */,
				E1581DDA2A9654930051DD46 /* GetFileOrFolderMetaUseCase.swift in Sources */,
				E109717C2A81135F00ABED41 /* EnumerateFolderItemsUseCase.swift in Sources */,
				E1FB2D872A76C48600473AE1 /* FileProviderItem.swift in Sources */,
				E16ECC152A9508B10093D3ED /* ErrorUtils.swift in Sources */,
				E1581DDE2A9678000051DD46 /* MoveFolderUseCase.swift in Sources */,
				E10971812A827A9500ABED41 /* CreateFolderUseCase.swift in Sources */,
				E145E16D2A82A21500B07E0B /* Time.swift in Sources */,
				E10B0FE02A94143F00B97874 /* Int.swift in Sources */,
				E1FB2D892A76C48600473AE1 /* FileProviderEnumerator.swift in Sources */,
				E145E17C2A83A1DA00B07E0B /* RenameFolderUseCase.swift in Sources */,
				E18300D22AA3F97500AD023C /* CommandSet.swift in Sources */,
				E145E16F2A82ABEB00B07E0B /* TrashFolderUseCase.swift in Sources */,
				E10B0FDA2A9411C900B97874 /* AuthManager.swift in Sources */,
				E109717F2A81143A00ABED41 /* APIFactory.swift in Sources */,
				E1CC520A2A97DE85009DEEAA /* DeleteFileOrFolderUseCase.swift in Sources */,
				E1581DD22A9629620051DD46 /* Generic.swift in Sources */,
				E145E17A2A839DBF00B07E0B /* GetFolderMetaUseCase.swift in Sources */,
				E1CC521F2AA0A895009DEEAA /* String.swift in Sources */,
				E1581DCB2A95221D0051DD46 /* FileProvider.swift in Sources */,
				E1CC520F2A98B460009DEEAA /* Bundle.swift in Sources */,
				E1581DE02A96835F0051DD46 /* FetchFileContentUseCase.swift in Sources */,
				E145E1712A82C6C000B07E0B /* TrashFileUseCase.swift in Sources */,
				E19136992AA108D200CAF0FA /* View.swift in Sources */,
				E10971822A828BC900ABED41 /* ConfigLoader.swift in Sources */,
				E1581DCD2A9531B10051DD46 /* RenameFileUseCase.swift in Sources */,
				E1581DD72A9629790051DD46 /* Error.swift in Sources */,
				E145E1802A85235A00B07E0B /* CreateFileUseCase.swift in Sources */,
				E1581DDC2A9672910051DD46 /* MoveFileUseCase.swift in Sources */,
			);
			runOnlyForDeploymentPostprocessing = 0;
		};
/* End PBXSourcesBuildPhase section */

/* Begin PBXTargetDependency section */
		E18300C02AA3CFCF00AD023C /* PBXTargetDependency */ = {
			isa = PBXTargetDependency;
			target = E18300B42AA3CFCF00AD023C /* XPCService */;
			targetProxy = E18300BF2AA3CFCF00AD023C /* PBXContainerItemProxy */;
		};
		E1FB2D372A76BF0300473AE1 /* PBXTargetDependency */ = {
			isa = PBXTargetDependency;
			target = E1FB2D232A76BF0200473AE1 /* InternxtDesktop */;
			targetProxy = E1FB2D362A76BF0300473AE1 /* PBXContainerItemProxy */;
		};
		E1FB2D412A76BF0300473AE1 /* PBXTargetDependency */ = {
			isa = PBXTargetDependency;
			target = E1FB2D232A76BF0200473AE1 /* InternxtDesktop */;
			targetProxy = E1FB2D402A76BF0300473AE1 /* PBXContainerItemProxy */;
		};
		E1FB2D8D2A76C48600473AE1 /* PBXTargetDependency */ = {
			isa = PBXTargetDependency;
			target = E1FB2D802A76C48600473AE1 /* SyncExtension */;
			targetProxy = E1FB2D8C2A76C48600473AE1 /* PBXContainerItemProxy */;
		};
/* End PBXTargetDependency section */

/* Begin PBXVariantGroup section */
		E19136912AA0FB4C00CAF0FA /* Localizable.strings */ = {
			isa = PBXVariantGroup;
			children = (
				E19136902AA0FB4C00CAF0FA /* en */,
			);
			name = Localizable.strings;
			sourceTree = "<group>";
		};
/* End PBXVariantGroup section */

/* Begin XCBuildConfiguration section */
		E17AA0252A8A7EDD00C7EE6E /* Beta */ = {
			isa = XCBuildConfiguration;
			buildSettings = {
				ALWAYS_SEARCH_USER_PATHS = NO;
				CLANG_ANALYZER_LOCALIZABILITY_NONLOCALIZED = YES;
				CLANG_ANALYZER_NONNULL = YES;
				CLANG_ANALYZER_NUMBER_OBJECT_CONVERSION = YES_AGGRESSIVE;
				CLANG_CXX_LANGUAGE_STANDARD = "gnu++20";
				CLANG_ENABLE_MODULES = YES;
				CLANG_ENABLE_OBJC_ARC = YES;
				CLANG_ENABLE_OBJC_WEAK = YES;
				CLANG_WARN_BLOCK_CAPTURE_AUTORELEASING = YES;
				CLANG_WARN_BOOL_CONVERSION = YES;
				CLANG_WARN_COMMA = YES;
				CLANG_WARN_CONSTANT_CONVERSION = YES;
				CLANG_WARN_DEPRECATED_OBJC_IMPLEMENTATIONS = YES;
				CLANG_WARN_DIRECT_OBJC_ISA_USAGE = YES_ERROR;
				CLANG_WARN_DOCUMENTATION_COMMENTS = YES;
				CLANG_WARN_EMPTY_BODY = YES;
				CLANG_WARN_ENUM_CONVERSION = YES;
				CLANG_WARN_INFINITE_RECURSION = YES;
				CLANG_WARN_INT_CONVERSION = YES;
				CLANG_WARN_NON_LITERAL_NULL_CONVERSION = YES;
				CLANG_WARN_OBJC_IMPLICIT_RETAIN_SELF = YES;
				CLANG_WARN_OBJC_LITERAL_CONVERSION = YES;
				CLANG_WARN_OBJC_ROOT_CLASS = YES_ERROR;
				CLANG_WARN_QUOTED_INCLUDE_IN_FRAMEWORK_HEADER = YES;
				CLANG_WARN_RANGE_LOOP_ANALYSIS = YES;
				CLANG_WARN_STRICT_PROTOTYPES = YES;
				CLANG_WARN_SUSPICIOUS_MOVE = YES;
				CLANG_WARN_UNGUARDED_AVAILABILITY = YES_AGGRESSIVE;
				CLANG_WARN_UNREACHABLE_CODE = YES;
				CLANG_WARN__DUPLICATE_METHOD_MATCH = YES;
				COPY_PHASE_STRIP = NO;
				DEAD_CODE_STRIPPING = YES;
				DEBUG_INFORMATION_FORMAT = "dwarf-with-dsym";
				ENABLE_NS_ASSERTIONS = NO;
				ENABLE_STRICT_OBJC_MSGSEND = YES;
				GCC_C_LANGUAGE_STANDARD = gnu11;
				GCC_NO_COMMON_BLOCKS = YES;
				GCC_WARN_64_TO_32_BIT_CONVERSION = YES;
				GCC_WARN_ABOUT_RETURN_TYPE = YES_ERROR;
				GCC_WARN_UNDECLARED_SELECTOR = YES;
				GCC_WARN_UNINITIALIZED_AUTOS = YES_AGGRESSIVE;
				GCC_WARN_UNUSED_FUNCTION = YES;
				GCC_WARN_UNUSED_VARIABLE = YES;
				MACOSX_DEPLOYMENT_TARGET = 13.3;
				MTL_ENABLE_DEBUG_INFO = NO;
				MTL_FAST_MATH = YES;
				SDKROOT = macosx;
				SWIFT_COMPILATION_MODE = wholemodule;
				SWIFT_OPTIMIZATION_LEVEL = "-O";
			};
			name = Beta;
		};
		E17AA0262A8A7EDD00C7EE6E /* Beta */ = {
			isa = XCBuildConfiguration;
			buildSettings = {
				ALWAYS_EMBED_SWIFT_STANDARD_LIBRARIES = YES;
				ASSETCATALOG_COMPILER_APPICON_NAME = AppIconDev;
				ASSETCATALOG_COMPILER_GLOBAL_ACCENT_COLOR_NAME = AccentColor;
				CODE_SIGN_ENTITLEMENTS = InternxtDesktop/InternxtDesktop.entitlements;
				CODE_SIGN_IDENTITY = "Apple Development";
				CODE_SIGN_STYLE = Automatic;
				COMBINE_HIDPI_IMAGES = YES;
				CURRENT_PROJECT_VERSION = 1;
				DEAD_CODE_STRIPPING = YES;
				DEVELOPMENT_ASSET_PATHS = "\"InternxtDesktop/Preview Content\"";
				DEVELOPMENT_TEAM = JR4S3SY396;
				ENABLE_HARDENED_RUNTIME = YES;
				ENABLE_PREVIEWS = YES;
				GENERATE_INFOPLIST_FILE = YES;
				INFOPLIST_FILE = InternxtDesktop/Info.plist;
				INFOPLIST_KEY_CFBundleDisplayName = Internxt;
				INFOPLIST_KEY_LSUIElement = YES;
				INFOPLIST_KEY_NSHumanReadableCopyright = "";
				LD_RUNPATH_SEARCH_PATHS = (
					"$(inherited)",
					"@executable_path/../Frameworks",
				);
				MARKETING_VERSION = 1.0.4;
				PRODUCT_BUNDLE_IDENTIFIER = internxt.InternxtDesktop;
				PRODUCT_MODULE_NAME = Internxt;
				PRODUCT_NAME = "Internxt Drive";
				PROVISIONING_PROFILE_SPECIFIER = "";
				SWIFT_EMIT_LOC_STRINGS = YES;
				SWIFT_VERSION = 5.0;
			};
			name = Beta;
		};
		E17AA0272A8A7EDD00C7EE6E /* Beta */ = {
			isa = XCBuildConfiguration;
			buildSettings = {
				ALWAYS_EMBED_SWIFT_STANDARD_LIBRARIES = YES;
				BUNDLE_LOADER = "$(TEST_HOST)";
				CODE_SIGN_STYLE = Automatic;
				CURRENT_PROJECT_VERSION = 1;
				DEAD_CODE_STRIPPING = YES;
				DEVELOPMENT_TEAM = JR4S3SY396;
				GENERATE_INFOPLIST_FILE = YES;
				MACOSX_DEPLOYMENT_TARGET = 13.3;
				MARKETING_VERSION = 1.0;
				PRODUCT_BUNDLE_IDENTIFIER = internxt.InternxtDesktopTests;
				PRODUCT_NAME = "$(TARGET_NAME)";
				SWIFT_EMIT_LOC_STRINGS = NO;
				SWIFT_VERSION = 5.0;
				TEST_HOST = "$(BUILT_PRODUCTS_DIR)/InternxtDesktop.app/$(BUNDLE_EXECUTABLE_FOLDER_PATH)/InternxtDesktop";
			};
			name = Beta;
		};
		E17AA0282A8A7EDD00C7EE6E /* Beta */ = {
			isa = XCBuildConfiguration;
			buildSettings = {
				ALWAYS_EMBED_SWIFT_STANDARD_LIBRARIES = YES;
				CODE_SIGN_STYLE = Automatic;
				CURRENT_PROJECT_VERSION = 1;
				DEAD_CODE_STRIPPING = YES;
				DEVELOPMENT_TEAM = JR4S3SY396;
				GENERATE_INFOPLIST_FILE = YES;
				MARKETING_VERSION = 1.0;
				PRODUCT_BUNDLE_IDENTIFIER = internxt.InternxtDesktopUITests;
				PRODUCT_NAME = "$(TARGET_NAME)";
				SWIFT_EMIT_LOC_STRINGS = NO;
				SWIFT_VERSION = 5.0;
				TEST_TARGET_NAME = InternxtDesktop;
			};
			name = Beta;
		};
		E17AA0292A8A7EDD00C7EE6E /* Beta */ = {
			isa = XCBuildConfiguration;
			buildSettings = {
				CODE_SIGN_ENTITLEMENTS = SyncExtension/SyncExtension.entitlements;
				CODE_SIGN_STYLE = Automatic;
				CURRENT_PROJECT_VERSION = 1;
				DEAD_CODE_STRIPPING = YES;
				DEVELOPMENT_TEAM = JR4S3SY396;
				ENABLE_HARDENED_RUNTIME = YES;
				GENERATE_INFOPLIST_FILE = YES;
				INFOPLIST_FILE = SyncExtension/Info.plist;
				INFOPLIST_KEY_CFBundleDisplayName = SyncExtension;
				INFOPLIST_KEY_NSHumanReadableCopyright = "";
				LD_RUNPATH_SEARCH_PATHS = (
					"$(inherited)",
					"@executable_path/../Frameworks",
					"@executable_path/../../../../Frameworks",
				);
				MARKETING_VERSION = 1.0.4;
				PRODUCT_BUNDLE_IDENTIFIER = internxt.InternxtDesktop.sync;
				PRODUCT_NAME = "$(TARGET_NAME)";
				SKIP_INSTALL = YES;
				SWIFT_EMIT_LOC_STRINGS = YES;
				SWIFT_VERSION = 5.0;
			};
			name = Beta;
		};
		E18300C32AA3CFCF00AD023C /* Debug */ = {
			isa = XCBuildConfiguration;
			buildSettings = {
				CODE_SIGN_ENTITLEMENTS = XPCService/XPCService.entitlements;
				CODE_SIGN_IDENTITY = "Apple Development";
				CODE_SIGN_STYLE = Automatic;
				COMBINE_HIDPI_IMAGES = YES;
				CURRENT_PROJECT_VERSION = 1;
				DEBUG_INFORMATION_FORMAT = dwarf;
				DEVELOPMENT_TEAM = JR4S3SY396;
				ENABLE_HARDENED_RUNTIME = YES;
				GENERATE_INFOPLIST_FILE = YES;
				INFOPLIST_FILE = XPCService/Info.plist;
				INFOPLIST_KEY_CFBundleDisplayName = XPCService;
				INFOPLIST_KEY_LSBackgroundOnly = YES;
				INFOPLIST_KEY_NSHumanReadableCopyright = "";
				MARKETING_VERSION = 1.0;
				PRODUCT_BUNDLE_IDENTIFIER = com.internxt.XPCService;
				PRODUCT_NAME = "$(TARGET_NAME)";
				SKIP_INSTALL = YES;
				SWIFT_EMIT_LOC_STRINGS = YES;
				SWIFT_VERSION = 5.0;
			};
			name = Debug;
		};
		E18300C42AA3CFCF00AD023C /* Release */ = {
			isa = XCBuildConfiguration;
			buildSettings = {
				CODE_SIGN_ENTITLEMENTS = XPCService/XPCService.entitlements;
				CODE_SIGN_IDENTITY = "Apple Development";
				CODE_SIGN_STYLE = Automatic;
				COMBINE_HIDPI_IMAGES = YES;
				CURRENT_PROJECT_VERSION = 1;
				DEVELOPMENT_TEAM = JR4S3SY396;
				ENABLE_HARDENED_RUNTIME = YES;
				GENERATE_INFOPLIST_FILE = YES;
				INFOPLIST_FILE = XPCService/Info.plist;
				INFOPLIST_KEY_CFBundleDisplayName = XPCService;
				INFOPLIST_KEY_LSBackgroundOnly = YES;
				INFOPLIST_KEY_NSHumanReadableCopyright = "";
				MARKETING_VERSION = 1.0;
				PRODUCT_BUNDLE_IDENTIFIER = com.internxt.XPCService;
				PRODUCT_NAME = "$(TARGET_NAME)";
				SKIP_INSTALL = YES;
				SWIFT_EMIT_LOC_STRINGS = YES;
				SWIFT_VERSION = 5.0;
			};
			name = Release;
		};
		E18300C52AA3CFCF00AD023C /* Beta */ = {
			isa = XCBuildConfiguration;
			buildSettings = {
				CODE_SIGN_ENTITLEMENTS = XPCService/XPCService.entitlements;
				CODE_SIGN_IDENTITY = "Apple Development";
				CODE_SIGN_STYLE = Automatic;
				COMBINE_HIDPI_IMAGES = YES;
				CURRENT_PROJECT_VERSION = 1;
				DEVELOPMENT_TEAM = JR4S3SY396;
				ENABLE_HARDENED_RUNTIME = YES;
				GENERATE_INFOPLIST_FILE = YES;
				INFOPLIST_FILE = XPCService/Info.plist;
				INFOPLIST_KEY_CFBundleDisplayName = XPCService;
				INFOPLIST_KEY_LSBackgroundOnly = YES;
				INFOPLIST_KEY_NSHumanReadableCopyright = "";
				MARKETING_VERSION = 1.0;
				PRODUCT_BUNDLE_IDENTIFIER = com.internxt.XPCService;
				PRODUCT_NAME = "$(TARGET_NAME)";
				SKIP_INSTALL = YES;
				SWIFT_EMIT_LOC_STRINGS = YES;
				SWIFT_VERSION = 5.0;
			};
			name = Beta;
		};
		E1FB2D472A76BF0300473AE1 /* Debug */ = {
			isa = XCBuildConfiguration;
			buildSettings = {
				ALWAYS_SEARCH_USER_PATHS = NO;
				CLANG_ANALYZER_LOCALIZABILITY_NONLOCALIZED = YES;
				CLANG_ANALYZER_NONNULL = YES;
				CLANG_ANALYZER_NUMBER_OBJECT_CONVERSION = YES_AGGRESSIVE;
				CLANG_CXX_LANGUAGE_STANDARD = "gnu++20";
				CLANG_ENABLE_MODULES = YES;
				CLANG_ENABLE_OBJC_ARC = YES;
				CLANG_ENABLE_OBJC_WEAK = YES;
				CLANG_WARN_BLOCK_CAPTURE_AUTORELEASING = YES;
				CLANG_WARN_BOOL_CONVERSION = YES;
				CLANG_WARN_COMMA = YES;
				CLANG_WARN_CONSTANT_CONVERSION = YES;
				CLANG_WARN_DEPRECATED_OBJC_IMPLEMENTATIONS = YES;
				CLANG_WARN_DIRECT_OBJC_ISA_USAGE = YES_ERROR;
				CLANG_WARN_DOCUMENTATION_COMMENTS = YES;
				CLANG_WARN_EMPTY_BODY = YES;
				CLANG_WARN_ENUM_CONVERSION = YES;
				CLANG_WARN_INFINITE_RECURSION = YES;
				CLANG_WARN_INT_CONVERSION = YES;
				CLANG_WARN_NON_LITERAL_NULL_CONVERSION = YES;
				CLANG_WARN_OBJC_IMPLICIT_RETAIN_SELF = YES;
				CLANG_WARN_OBJC_LITERAL_CONVERSION = YES;
				CLANG_WARN_OBJC_ROOT_CLASS = YES_ERROR;
				CLANG_WARN_QUOTED_INCLUDE_IN_FRAMEWORK_HEADER = YES;
				CLANG_WARN_RANGE_LOOP_ANALYSIS = YES;
				CLANG_WARN_STRICT_PROTOTYPES = YES;
				CLANG_WARN_SUSPICIOUS_MOVE = YES;
				CLANG_WARN_UNGUARDED_AVAILABILITY = YES_AGGRESSIVE;
				CLANG_WARN_UNREACHABLE_CODE = YES;
				CLANG_WARN__DUPLICATE_METHOD_MATCH = YES;
				COPY_PHASE_STRIP = NO;
				DEAD_CODE_STRIPPING = YES;
				DEBUG_INFORMATION_FORMAT = "dwarf-with-dsym";
				ENABLE_STRICT_OBJC_MSGSEND = YES;
				ENABLE_TESTABILITY = YES;
				GCC_C_LANGUAGE_STANDARD = gnu11;
				GCC_DYNAMIC_NO_PIC = NO;
				GCC_NO_COMMON_BLOCKS = YES;
				GCC_OPTIMIZATION_LEVEL = 0;
				GCC_PREPROCESSOR_DEFINITIONS = (
					"DEBUG=1",
					"$(inherited)",
				);
				GCC_WARN_64_TO_32_BIT_CONVERSION = YES;
				GCC_WARN_ABOUT_RETURN_TYPE = YES_ERROR;
				GCC_WARN_UNDECLARED_SELECTOR = YES;
				GCC_WARN_UNINITIALIZED_AUTOS = YES_AGGRESSIVE;
				GCC_WARN_UNUSED_FUNCTION = YES;
				GCC_WARN_UNUSED_VARIABLE = YES;
				MACOSX_DEPLOYMENT_TARGET = 13.3;
				MTL_ENABLE_DEBUG_INFO = INCLUDE_SOURCE;
				MTL_FAST_MATH = YES;
				ONLY_ACTIVE_ARCH = YES;
				SDKROOT = macosx;
				SWIFT_ACTIVE_COMPILATION_CONDITIONS = DEBUG;
				SWIFT_OPTIMIZATION_LEVEL = "-Onone";
			};
			name = Debug;
		};
		E1FB2D482A76BF0300473AE1 /* Release */ = {
			isa = XCBuildConfiguration;
			buildSettings = {
				ALWAYS_SEARCH_USER_PATHS = NO;
				CLANG_ANALYZER_LOCALIZABILITY_NONLOCALIZED = YES;
				CLANG_ANALYZER_NONNULL = YES;
				CLANG_ANALYZER_NUMBER_OBJECT_CONVERSION = YES_AGGRESSIVE;
				CLANG_CXX_LANGUAGE_STANDARD = "gnu++20";
				CLANG_ENABLE_MODULES = YES;
				CLANG_ENABLE_OBJC_ARC = YES;
				CLANG_ENABLE_OBJC_WEAK = YES;
				CLANG_WARN_BLOCK_CAPTURE_AUTORELEASING = YES;
				CLANG_WARN_BOOL_CONVERSION = YES;
				CLANG_WARN_COMMA = YES;
				CLANG_WARN_CONSTANT_CONVERSION = YES;
				CLANG_WARN_DEPRECATED_OBJC_IMPLEMENTATIONS = YES;
				CLANG_WARN_DIRECT_OBJC_ISA_USAGE = YES_ERROR;
				CLANG_WARN_DOCUMENTATION_COMMENTS = YES;
				CLANG_WARN_EMPTY_BODY = YES;
				CLANG_WARN_ENUM_CONVERSION = YES;
				CLANG_WARN_INFINITE_RECURSION = YES;
				CLANG_WARN_INT_CONVERSION = YES;
				CLANG_WARN_NON_LITERAL_NULL_CONVERSION = YES;
				CLANG_WARN_OBJC_IMPLICIT_RETAIN_SELF = YES;
				CLANG_WARN_OBJC_LITERAL_CONVERSION = YES;
				CLANG_WARN_OBJC_ROOT_CLASS = YES_ERROR;
				CLANG_WARN_QUOTED_INCLUDE_IN_FRAMEWORK_HEADER = YES;
				CLANG_WARN_RANGE_LOOP_ANALYSIS = YES;
				CLANG_WARN_STRICT_PROTOTYPES = YES;
				CLANG_WARN_SUSPICIOUS_MOVE = YES;
				CLANG_WARN_UNGUARDED_AVAILABILITY = YES_AGGRESSIVE;
				CLANG_WARN_UNREACHABLE_CODE = YES;
				CLANG_WARN__DUPLICATE_METHOD_MATCH = YES;
				COPY_PHASE_STRIP = NO;
				DEAD_CODE_STRIPPING = YES;
				DEBUG_INFORMATION_FORMAT = "dwarf-with-dsym";
				ENABLE_NS_ASSERTIONS = NO;
				ENABLE_STRICT_OBJC_MSGSEND = YES;
				GCC_C_LANGUAGE_STANDARD = gnu11;
				GCC_NO_COMMON_BLOCKS = YES;
				GCC_WARN_64_TO_32_BIT_CONVERSION = YES;
				GCC_WARN_ABOUT_RETURN_TYPE = YES_ERROR;
				GCC_WARN_UNDECLARED_SELECTOR = YES;
				GCC_WARN_UNINITIALIZED_AUTOS = YES_AGGRESSIVE;
				GCC_WARN_UNUSED_FUNCTION = YES;
				GCC_WARN_UNUSED_VARIABLE = YES;
				MACOSX_DEPLOYMENT_TARGET = 13.3;
				MTL_ENABLE_DEBUG_INFO = NO;
				MTL_FAST_MATH = YES;
				SDKROOT = macosx;
				SWIFT_COMPILATION_MODE = wholemodule;
				SWIFT_OPTIMIZATION_LEVEL = "-O";
			};
			name = Release;
		};
		E1FB2D4A2A76BF0300473AE1 /* Debug */ = {
			isa = XCBuildConfiguration;
			buildSettings = {
				ALWAYS_EMBED_SWIFT_STANDARD_LIBRARIES = YES;
				ASSETCATALOG_COMPILER_APPICON_NAME = AppIconDev;
				ASSETCATALOG_COMPILER_GLOBAL_ACCENT_COLOR_NAME = AccentColor;
				CODE_SIGN_ENTITLEMENTS = InternxtDesktop/InternxtDesktopDebug.entitlements;
				CODE_SIGN_IDENTITY = "Apple Development";
				CODE_SIGN_STYLE = Automatic;
				COMBINE_HIDPI_IMAGES = YES;
				CURRENT_PROJECT_VERSION = 1;
				DEAD_CODE_STRIPPING = YES;
				DEVELOPMENT_ASSET_PATHS = "\"InternxtDesktop/Preview Content\"";
				DEVELOPMENT_TEAM = JR4S3SY396;
				ENABLE_HARDENED_RUNTIME = YES;
				ENABLE_PREVIEWS = YES;
				GENERATE_INFOPLIST_FILE = YES;
				INFOPLIST_FILE = InternxtDesktop/Info.plist;
				INFOPLIST_KEY_CFBundleDisplayName = Internxt;
				INFOPLIST_KEY_LSUIElement = YES;
				INFOPLIST_KEY_NSHumanReadableCopyright = "";
				LD_RUNPATH_SEARCH_PATHS = (
					"$(inherited)",
					"@executable_path/../Frameworks",
				);
				MARKETING_VERSION = 1.0.4;
				PRODUCT_BUNDLE_IDENTIFIER = internxt.InternxtDesktop;
				PRODUCT_MODULE_NAME = Internxt;
				PRODUCT_NAME = "Internxt Drive";
				PROVISIONING_PROFILE_SPECIFIER = "";
				SWIFT_EMIT_LOC_STRINGS = YES;
				SWIFT_VERSION = 5.0;
			};
			name = Debug;
		};
		E1FB2D4B2A76BF0300473AE1 /* Release */ = {
			isa = XCBuildConfiguration;
			buildSettings = {
				ALWAYS_EMBED_SWIFT_STANDARD_LIBRARIES = YES;
				ASSETCATALOG_COMPILER_APPICON_NAME = AppIcon;
				ASSETCATALOG_COMPILER_GLOBAL_ACCENT_COLOR_NAME = AccentColor;
				CODE_SIGN_ENTITLEMENTS = InternxtDesktop/InternxtDesktop.entitlements;
				CODE_SIGN_IDENTITY = "Apple Development";
				CODE_SIGN_STYLE = Automatic;
				COMBINE_HIDPI_IMAGES = YES;
				CURRENT_PROJECT_VERSION = 1;
				DEAD_CODE_STRIPPING = YES;
				DEVELOPMENT_ASSET_PATHS = "\"InternxtDesktop/Preview Content\"";
				DEVELOPMENT_TEAM = JR4S3SY396;
				ENABLE_HARDENED_RUNTIME = YES;
				ENABLE_PREVIEWS = YES;
				GENERATE_INFOPLIST_FILE = YES;
				INFOPLIST_FILE = InternxtDesktop/Info.plist;
				INFOPLIST_KEY_CFBundleDisplayName = Internxt;
				INFOPLIST_KEY_LSUIElement = YES;
				INFOPLIST_KEY_NSHumanReadableCopyright = "";
				LD_RUNPATH_SEARCH_PATHS = (
					"$(inherited)",
					"@executable_path/../Frameworks",
				);
				MARKETING_VERSION = 1.0.4;
				PRODUCT_BUNDLE_IDENTIFIER = internxt.InternxtDesktop;
				PRODUCT_MODULE_NAME = Internxt;
				PRODUCT_NAME = "Internxt Drive";
				PROVISIONING_PROFILE_SPECIFIER = "";
				SWIFT_EMIT_LOC_STRINGS = YES;
				SWIFT_VERSION = 5.0;
			};
			name = Release;
		};
		E1FB2D4D2A76BF0300473AE1 /* Debug */ = {
			isa = XCBuildConfiguration;
			buildSettings = {
				ALWAYS_EMBED_SWIFT_STANDARD_LIBRARIES = YES;
				BUNDLE_LOADER = "$(TEST_HOST)";
				CODE_SIGN_STYLE = Automatic;
				CURRENT_PROJECT_VERSION = 1;
				DEAD_CODE_STRIPPING = YES;
				DEVELOPMENT_TEAM = JR4S3SY396;
				GENERATE_INFOPLIST_FILE = YES;
				MACOSX_DEPLOYMENT_TARGET = 13.3;
				MARKETING_VERSION = 1.0;
				PRODUCT_BUNDLE_IDENTIFIER = internxt.InternxtDesktopTests;
				PRODUCT_NAME = "$(TARGET_NAME)";
				SWIFT_EMIT_LOC_STRINGS = NO;
				SWIFT_VERSION = 5.0;
				TEST_HOST = "$(BUILT_PRODUCTS_DIR)/InternxtDesktop.app/$(BUNDLE_EXECUTABLE_FOLDER_PATH)/InternxtDesktop";
			};
			name = Debug;
		};
		E1FB2D4E2A76BF0300473AE1 /* Release */ = {
			isa = XCBuildConfiguration;
			buildSettings = {
				ALWAYS_EMBED_SWIFT_STANDARD_LIBRARIES = YES;
				BUNDLE_LOADER = "$(TEST_HOST)";
				CODE_SIGN_STYLE = Automatic;
				CURRENT_PROJECT_VERSION = 1;
				DEAD_CODE_STRIPPING = YES;
				DEVELOPMENT_TEAM = JR4S3SY396;
				GENERATE_INFOPLIST_FILE = YES;
				MACOSX_DEPLOYMENT_TARGET = 13.3;
				MARKETING_VERSION = 1.0;
				PRODUCT_BUNDLE_IDENTIFIER = internxt.InternxtDesktopTests;
				PRODUCT_NAME = "$(TARGET_NAME)";
				SWIFT_EMIT_LOC_STRINGS = NO;
				SWIFT_VERSION = 5.0;
				TEST_HOST = "$(BUILT_PRODUCTS_DIR)/InternxtDesktop.app/$(BUNDLE_EXECUTABLE_FOLDER_PATH)/InternxtDesktop";
			};
			name = Release;
		};
		E1FB2D502A76BF0300473AE1 /* Debug */ = {
			isa = XCBuildConfiguration;
			buildSettings = {
				ALWAYS_EMBED_SWIFT_STANDARD_LIBRARIES = YES;
				CODE_SIGN_STYLE = Automatic;
				CURRENT_PROJECT_VERSION = 1;
				DEAD_CODE_STRIPPING = YES;
				DEVELOPMENT_TEAM = JR4S3SY396;
				GENERATE_INFOPLIST_FILE = YES;
				MARKETING_VERSION = 1.0;
				PRODUCT_BUNDLE_IDENTIFIER = internxt.InternxtDesktopUITests;
				PRODUCT_NAME = "$(TARGET_NAME)";
				SWIFT_EMIT_LOC_STRINGS = NO;
				SWIFT_VERSION = 5.0;
				TEST_TARGET_NAME = InternxtDesktop;
			};
			name = Debug;
		};
		E1FB2D512A76BF0300473AE1 /* Release */ = {
			isa = XCBuildConfiguration;
			buildSettings = {
				ALWAYS_EMBED_SWIFT_STANDARD_LIBRARIES = YES;
				CODE_SIGN_STYLE = Automatic;
				CURRENT_PROJECT_VERSION = 1;
				DEAD_CODE_STRIPPING = YES;
				DEVELOPMENT_TEAM = JR4S3SY396;
				GENERATE_INFOPLIST_FILE = YES;
				MARKETING_VERSION = 1.0;
				PRODUCT_BUNDLE_IDENTIFIER = internxt.InternxtDesktopUITests;
				PRODUCT_NAME = "$(TARGET_NAME)";
				SWIFT_EMIT_LOC_STRINGS = NO;
				SWIFT_VERSION = 5.0;
				TEST_TARGET_NAME = InternxtDesktop;
			};
			name = Release;
		};
		E1FB2D902A76C48600473AE1 /* Debug */ = {
			isa = XCBuildConfiguration;
			buildSettings = {
				CODE_SIGN_ENTITLEMENTS = SyncExtension/SyncExtension.entitlements;
				CODE_SIGN_STYLE = Automatic;
				CURRENT_PROJECT_VERSION = 1;
				DEAD_CODE_STRIPPING = YES;
				DEVELOPMENT_TEAM = JR4S3SY396;
				ENABLE_HARDENED_RUNTIME = YES;
				GENERATE_INFOPLIST_FILE = YES;
				INFOPLIST_FILE = SyncExtension/Info.plist;
				INFOPLIST_KEY_CFBundleDisplayName = SyncExtension;
				INFOPLIST_KEY_NSHumanReadableCopyright = "";
				LD_RUNPATH_SEARCH_PATHS = (
					"$(inherited)",
					"@executable_path/../Frameworks",
					"@executable_path/../../../../Frameworks",
				);
				MARKETING_VERSION = 1.0.4;
				PRODUCT_BUNDLE_IDENTIFIER = internxt.InternxtDesktop.sync;
				PRODUCT_NAME = "$(TARGET_NAME)";
				SKIP_INSTALL = YES;
				SWIFT_EMIT_LOC_STRINGS = YES;
				SWIFT_VERSION = 5.0;
			};
			name = Debug;
		};
		E1FB2D912A76C48600473AE1 /* Release */ = {
			isa = XCBuildConfiguration;
			buildSettings = {
				CODE_SIGN_ENTITLEMENTS = SyncExtension/SyncExtension.entitlements;
				CODE_SIGN_STYLE = Automatic;
				CURRENT_PROJECT_VERSION = 1;
				DEAD_CODE_STRIPPING = YES;
				DEVELOPMENT_TEAM = JR4S3SY396;
				ENABLE_HARDENED_RUNTIME = YES;
				GENERATE_INFOPLIST_FILE = YES;
				INFOPLIST_FILE = SyncExtension/Info.plist;
				INFOPLIST_KEY_CFBundleDisplayName = SyncExtension;
				INFOPLIST_KEY_NSHumanReadableCopyright = "";
				LD_RUNPATH_SEARCH_PATHS = (
					"$(inherited)",
					"@executable_path/../Frameworks",
					"@executable_path/../../../../Frameworks",
				);
				MARKETING_VERSION = 1.0.4;
				PRODUCT_BUNDLE_IDENTIFIER = internxt.InternxtDesktop.sync;
				PRODUCT_NAME = "$(TARGET_NAME)";
				SKIP_INSTALL = YES;
				SWIFT_EMIT_LOC_STRINGS = YES;
				SWIFT_VERSION = 5.0;
			};
			name = Release;
		};
/* End XCBuildConfiguration section */

/* Begin XCConfigurationList section */
		E18300C22AA3CFCF00AD023C /* Build configuration list for PBXNativeTarget "XPCService" */ = {
			isa = XCConfigurationList;
			buildConfigurations = (
				E18300C32AA3CFCF00AD023C /* Debug */,
				E18300C42AA3CFCF00AD023C /* Release */,
				E18300C52AA3CFCF00AD023C /* Beta */,
			);
			defaultConfigurationIsVisible = 0;
			defaultConfigurationName = Release;
		};
		E1FB2D1F2A76BF0200473AE1 /* Build configuration list for PBXProject "InternxtDesktop" */ = {
			isa = XCConfigurationList;
			buildConfigurations = (
				E1FB2D472A76BF0300473AE1 /* Debug */,
				E1FB2D482A76BF0300473AE1 /* Release */,
				E17AA0252A8A7EDD00C7EE6E /* Beta */,
			);
			defaultConfigurationIsVisible = 0;
			defaultConfigurationName = Release;
		};
		E1FB2D492A76BF0300473AE1 /* Build configuration list for PBXNativeTarget "InternxtDesktop" */ = {
			isa = XCConfigurationList;
			buildConfigurations = (
				E1FB2D4A2A76BF0300473AE1 /* Debug */,
				E1FB2D4B2A76BF0300473AE1 /* Release */,
				E17AA0262A8A7EDD00C7EE6E /* Beta */,
			);
			defaultConfigurationIsVisible = 0;
			defaultConfigurationName = Release;
		};
		E1FB2D4C2A76BF0300473AE1 /* Build configuration list for PBXNativeTarget "InternxtDesktopTests" */ = {
			isa = XCConfigurationList;
			buildConfigurations = (
				E1FB2D4D2A76BF0300473AE1 /* Debug */,
				E1FB2D4E2A76BF0300473AE1 /* Release */,
				E17AA0272A8A7EDD00C7EE6E /* Beta */,
			);
			defaultConfigurationIsVisible = 0;
			defaultConfigurationName = Release;
		};
		E1FB2D4F2A76BF0300473AE1 /* Build configuration list for PBXNativeTarget "InternxtDesktopUITests" */ = {
			isa = XCConfigurationList;
			buildConfigurations = (
				E1FB2D502A76BF0300473AE1 /* Debug */,
				E1FB2D512A76BF0300473AE1 /* Release */,
				E17AA0282A8A7EDD00C7EE6E /* Beta */,
			);
			defaultConfigurationIsVisible = 0;
			defaultConfigurationName = Release;
		};
		E1FB2D8F2A76C48600473AE1 /* Build configuration list for PBXNativeTarget "SyncExtension" */ = {
			isa = XCConfigurationList;
			buildConfigurations = (
				E1FB2D902A76C48600473AE1 /* Debug */,
				E1FB2D912A76C48600473AE1 /* Release */,
				E17AA0292A8A7EDD00C7EE6E /* Beta */,
			);
			defaultConfigurationIsVisible = 0;
			defaultConfigurationName = Release;
		};
/* End XCConfigurationList section */

/* Begin XCRemoteSwiftPackageReference section */
		E1313D2D2A9501BB00C7ABF0 /* XCRemoteSwiftPackageReference "sentry-cocoa" */ = {
			isa = XCRemoteSwiftPackageReference;
			repositoryURL = "https://github.com/getsentry/sentry-cocoa";
			requirement = {
				kind = upToNextMajorVersion;
				minimumVersion = 8.0.0;
			};
		};
		E150884C2A7C55F20089BD57 /* XCRemoteSwiftPackageReference "swift-core" */ = {
			isa = XCRemoteSwiftPackageReference;
			repositoryURL = "https://github.com/internxt/swift-core";
			requirement = {
				branch = "feature/usage-endpoints";
				kind = branch;
			};
		};
		E18300C72AA3D0BE00AD023C /* XCRemoteSwiftPackageReference "SwiftyXPC" */ = {
			isa = XCRemoteSwiftPackageReference;
			repositoryURL = "https://github.com/CharlesJS/SwiftyXPC";
			requirement = {
				kind = upToNextMajorVersion;
				minimumVersion = 0.5.0;
			};
		};
		E1ADD03C2AA6ABE700D95694 /* XCRemoteSwiftPackageReference "LaunchAtLogin" */ = {
			isa = XCRemoteSwiftPackageReference;
			repositoryURL = "https://github.com/sindresorhus/LaunchAtLogin";
			requirement = {
				branch = main;
				kind = branch;
			};
		};
/* End XCRemoteSwiftPackageReference section */

/* Begin XCSwiftPackageProductDependency section */
		E1312A4E2A7FE01E000EAA43 /* InternxtSwiftCore */ = {
			isa = XCSwiftPackageProductDependency;
			package = E150884C2A7C55F20089BD57 /* XCRemoteSwiftPackageReference "swift-core" */;
			productName = InternxtSwiftCore;
		};
		E1313D2E2A9501BB00C7ABF0 /* Sentry */ = {
			isa = XCSwiftPackageProductDependency;
			package = E1313D2D2A9501BB00C7ABF0 /* XCRemoteSwiftPackageReference "sentry-cocoa" */;
			productName = Sentry;
		};
		E1313D3A2A9504D400C7ABF0 /* Sentry */ = {
			isa = XCSwiftPackageProductDependency;
			package = E1313D2D2A9501BB00C7ABF0 /* XCRemoteSwiftPackageReference "sentry-cocoa" */;
			productName = Sentry;
		};
		E150884D2A7C55F20089BD57 /* InternxtSwiftCore */ = {
			isa = XCSwiftPackageProductDependency;
			package = E150884C2A7C55F20089BD57 /* XCRemoteSwiftPackageReference "swift-core" */;
			productName = InternxtSwiftCore;
		};
		E18300C82AA3D0BE00AD023C /* SwiftyXPC */ = {
			isa = XCSwiftPackageProductDependency;
			package = E18300C72AA3D0BE00AD023C /* XCRemoteSwiftPackageReference "SwiftyXPC" */;
			productName = SwiftyXPC;
		};
		E18300CA2AA3D0EC00AD023C /* SwiftyXPC */ = {
			isa = XCSwiftPackageProductDependency;
			package = E18300C72AA3D0BE00AD023C /* XCRemoteSwiftPackageReference "SwiftyXPC" */;
			productName = SwiftyXPC;
		};
		E18300D42AA3FEFC00AD023C /* SwiftyXPC */ = {
			isa = XCSwiftPackageProductDependency;
			package = E18300C72AA3D0BE00AD023C /* XCRemoteSwiftPackageReference "SwiftyXPC" */;
			productName = SwiftyXPC;
		};
		E1ADD03D2AA6ABE700D95694 /* LaunchAtLogin */ = {
			isa = XCSwiftPackageProductDependency;
			package = E1ADD03C2AA6ABE700D95694 /* XCRemoteSwiftPackageReference "LaunchAtLogin" */;
			productName = LaunchAtLogin;
		};
/* End XCSwiftPackageProductDependency section */
	};
	rootObject = E1FB2D1C2A76BF0200473AE1 /* Project object */;
}
