{
  "pins" : [
    {
      "identity" : "idzswiftcommoncrypto",
      "kind" : "remoteSourceControl",
      "location" : "https://github.com/iosdevzone/IDZSwiftCommonCrypto.git",
      "state" : {
        "revision" : "47f9747d12137cd59d783ab376e3ccab7206319b",
        "version" : "0.16.1"
      }
    },
    {
      "identity" : "launchatlogin",
      "kind" : "remoteSourceControl",
      "location" : "https://github.com/sindresorhus/LaunchAtLogin",
      "state" : {
        "branch" : "main",
        "revision" : "8e28b5e5a9561ace33a26c55d78f74963fbce6f9"
      }
    },
    {
      "identity" : "realm-core",
      "kind" : "remoteSourceControl",
      "location" : "https://github.com/realm/realm-core.git",
      "state" : {
        "revision" : "1eb93c9619f6a05b5a91c2719690606016802e0b",
        "version" : "13.20.1"
      }
    },
    {
      "identity" : "realm-swift",
      "kind" : "remoteSourceControl",
      "location" : "https://github.com/realm/realm-swift.git",
      "state" : {
        "branch" : "master",
        "revision" : "987523254e28254652cab86b4e558a96231bbfe3"
      }
    },
    {
      "identity" : "ripemd160-swift",
      "kind" : "remoteSourceControl",
      "location" : "https://github.com/MiclausCorp/ripemd160-Swift.git",
      "state" : {
        "branch" : "master",
        "revision" : "b7fae4fb357ee0cd7ab7f7efc0ccf66b58d49f32"
      }
    },
    {
      "identity" : "rudder-sdk-ios",
      "kind" : "remoteSourceControl",
      "location" : "https://github.com/rudderlabs/rudder-sdk-ios",
      "state" : {
        "revision" : "17627074e149b024a960e7a475747b90743bb6ab",
        "version" : "2.4.2"
      }
    },
    {
      "identity" : "sentry-cocoa",
      "kind" : "remoteSourceControl",
      "location" : "https://github.com/getsentry/sentry-cocoa",
      "state" : {
        "revision" : "12998398eb51e2e8ff7098163fa97d305eee6d87",
        "version" : "8.11.0"
      }
    },
    {
      "identity" : "socket.io-client-swift",
      "kind" : "remoteSourceControl",
      "location" : "https://github.com/socketio/socket.io-client-swift",
      "state" : {
        "branch" : "master",
        "revision" : "175da8b5156f6b132436f0676cc84c2f6a766b6e"
      }
    },
    {
      "identity" : "sparkle",
      "kind" : "remoteSourceControl",
      "location" : "https://github.com/sparkle-project/Sparkle",
      "state" : {
        "revision" : "f0ceaf5cc9f3f23daa0ccb6dcebd79fc96ccc7d9",
        "version" : "2.5.0"
      }
    },
    {
      "identity" : "starscream",
      "kind" : "remoteSourceControl",
      "location" : "https://github.com/daltoniam/Starscream",
      "state" : {
        "revision" : "ac6c0fc9da221873e01bd1a0d4818498a71eef33",
        "version" : "4.0.6"
      }
    },
    {
      "identity" : "swift-core",
      "kind" : "remoteSourceControl",
      "location" : "https://github.com/internxt/swift-core",
      "state" : {
        "branch" : "main",
        "revision" : "5605887b7f30b3473f2a5eea00a3122ccfdfb2d5"
      }
    }
  ],
  "version" : 2
}
