{
  "pins" : [
    {
      "identity" : "idzswiftcommoncrypto",
      "kind" : "remoteSourceControl",
      "location" : "https://github.com/iosdevzone/IDZSwiftCommonCrypto.git",
      "state" : {
        "revision" : "47f9747d12137cd59d783ab376e3ccab7206319b",
        "version" : "0.16.1"
      }
    },
    {
      "identity" : "ripemd160-swift",
      "kind" : "remoteSourceControl",
      "location" : "https://github.com/MiclausCorp/ripemd160-Swift.git",
      "state" : {
        "branch" : "master",
        "revision" : "b7fae4fb357ee0cd7ab7f7efc0ccf66b58d49f32"
      }
    },
    {
      "identity" : "swift-core",
      "kind" : "remoteSourceControl",
      "location" : "https://github.com/internxt/swift-core",
      "state" : {
        "branch" : "feature/auth-and-usage-endpoints",
        "revision" : "8dd587be7af0b295219dc50fa81bb871fd1f65bf"
      }
    }
  ],
  "version" : 2
}
