{
  "pins" : [
    {
      "identity" : "idzswiftcommoncrypto",
      "kind" : "remoteSourceControl",
      "location" : "https://github.com/iosdevzone/IDZSwiftCommonCrypto.git",
      "state" : {
        "revision" : "47f9747d12137cd59d783ab376e3ccab7206319b",
        "version" : "0.16.1"
      }
    },
    {
      "identity" : "ripemd160-swift",
      "kind" : "remoteSourceControl",
      "location" : "https://github.com/MiclausCorp/ripemd160-Swift.git",
      "state" : {
        "branch" : "master",
        "revision" : "b7fae4fb357ee0cd7ab7f7efc0ccf66b58d49f32"
      }
    },
    {
      "identity" : "sentry-cocoa",
      "kind" : "remoteSourceControl",
      "location" : "https://github.com/getsentry/sentry-cocoa",
      "state" : {
        "revision" : "d062d9b31ccabdec706134f2216476d1996caf11",
        "version" : "8.10.0"
      }
    },
    {
      "identity" : "swift-core",
      "kind" : "remoteSourceControl",
      "location" : "https://github.com/internxt/swift-core",
      "state" : {
        "branch" : "feature/auth-and-usage-endpoints",
        "revision" : "dcddc5619e3750d2d5e7bde705a6a8bf53e5bc50"
      }
    }
  ],
  "version" : 2
}
